<?xml version="1.0" encoding="UTF-8"?>
<!DOCTYPE plist PUBLIC "-//Apple//DTD PLIST 1.0//EN" "http://www.apple.com/DTDs/PropertyList-1.0.dtd">
<plist version="1.0">
<dict>
	<key>archiveVersion</key>
	<string>1</string>
	<key>classes</key>
	<dict/>
	<key>objectVersion</key>
	<string>46</string>
	<key>objects</key>
	<dict>
		<key>11AC4F0B5501555D34C8305E</key>
		<dict>
			<key>buildActionMask</key>
			<string>2147483647</string>
			<key>files</key>
			<array/>
			<key>inputPaths</key>
			<array/>
			<key>isa</key>
			<string>PBXShellScriptBuildPhase</string>
			<key>name</key>
			<string>Copy Pods Resources</string>
			<key>outputPaths</key>
			<array/>
			<key>runOnlyForDeploymentPostprocessing</key>
			<string>0</string>
			<key>shellPath</key>
			<string>/bin/sh</string>
			<key>shellScript</key>
			<string>"${SRCROOT}/Pods/Target Support Files/Pods-Imagine/Pods-Imagine-resources.sh"
</string>
			<key>showEnvVarsInLog</key>
			<string>0</string>
		</dict>
		<key>1F1CACDDC642B424FCE8651D</key>
		<dict>
			<key>includeInIndex</key>
			<string>1</string>
			<key>isa</key>
			<string>PBXFileReference</string>
			<key>lastKnownFileType</key>
			<string>text.xcconfig</string>
			<key>name</key>
			<string>Pods-Imagine.debug.xcconfig</string>
			<key>path</key>
			<string>Pods/Target Support Files/Pods-Imagine/Pods-Imagine.debug.xcconfig</string>
			<key>sourceTree</key>
			<string>&lt;group&gt;</string>
		</dict>
		<key>4D457CC2279CABE992924AAE</key>
		<dict>
			<key>explicitFileType</key>
			<string>wrapper.framework</string>
			<key>includeInIndex</key>
			<string>0</string>
			<key>isa</key>
			<string>PBXFileReference</string>
			<key>path</key>
			<string>Pods_ImagineTests.framework</string>
			<key>sourceTree</key>
			<string>BUILT_PRODUCTS_DIR</string>
		</dict>
		<key>5E031FFE75EA512793F200A7</key>
		<dict>
			<key>buildActionMask</key>
			<string>2147483647</string>
			<key>files</key>
			<array/>
			<key>inputPaths</key>
			<array/>
			<key>isa</key>
			<string>PBXShellScriptBuildPhase</string>
			<key>name</key>
			<string>Embed Pods Frameworks</string>
			<key>outputPaths</key>
			<array/>
			<key>runOnlyForDeploymentPostprocessing</key>
			<string>0</string>
			<key>shellPath</key>
			<string>/bin/sh</string>
			<key>shellScript</key>
			<string>"${SRCROOT}/Pods/Target Support Files/Pods-ImagineTests/Pods-ImagineTests-frameworks.sh"
</string>
			<key>showEnvVarsInLog</key>
			<string>0</string>
		</dict>
		<key>80DD0BD7DD03ACD55E8DE8DE</key>
		<dict>
			<key>buildActionMask</key>
			<string>2147483647</string>
			<key>files</key>
			<array/>
			<key>inputPaths</key>
			<array/>
			<key>isa</key>
			<string>PBXShellScriptBuildPhase</string>
			<key>name</key>
			<string>Embed Pods Frameworks</string>
			<key>outputPaths</key>
			<array/>
			<key>runOnlyForDeploymentPostprocessing</key>
			<string>0</string>
			<key>shellPath</key>
			<string>/bin/sh</string>
			<key>shellScript</key>
			<string>"${SRCROOT}/Pods/Target Support Files/Pods-Imagine/Pods-Imagine-frameworks.sh"
</string>
			<key>showEnvVarsInLog</key>
			<string>0</string>
		</dict>
		<key>85E6A55B75C4EAFC1B6C907B</key>
		<dict>
			<key>fileRef</key>
			<string>4D457CC2279CABE992924AAE</string>
			<key>isa</key>
			<string>PBXBuildFile</string>
		</dict>
		<key>8799D06AFC85A22713155BB1</key>
		<dict>
			<key>explicitFileType</key>
			<string>wrapper.framework</string>
			<key>includeInIndex</key>
			<string>0</string>
			<key>isa</key>
			<string>PBXFileReference</string>
			<key>path</key>
			<string>Pods_Imagine.framework</string>
			<key>sourceTree</key>
			<string>BUILT_PRODUCTS_DIR</string>
		</dict>
		<key>91F4D690E4410AAEFA4C858C</key>
		<dict>
			<key>buildActionMask</key>
			<string>2147483647</string>
			<key>files</key>
			<array/>
			<key>inputPaths</key>
			<array/>
			<key>isa</key>
			<string>PBXShellScriptBuildPhase</string>
			<key>name</key>
			<string>Copy Pods Resources</string>
			<key>outputPaths</key>
			<array/>
			<key>runOnlyForDeploymentPostprocessing</key>
			<string>0</string>
			<key>shellPath</key>
			<string>/bin/sh</string>
			<key>shellScript</key>
			<string>"${SRCROOT}/Pods/Target Support Files/Pods-ImagineTests/Pods-ImagineTests-resources.sh"
</string>
			<key>showEnvVarsInLog</key>
			<string>0</string>
		</dict>
		<key>9D2494E9DE6D8489E5A3AD58</key>
		<dict>
			<key>children</key>
			<array>
				<string>1F1CACDDC642B424FCE8651D</string>
				<string>A9996899B31AF726BA925AD6</string>
				<string>A4C60AC0780ACAD7CE3A030B</string>
				<string>AD06A65E25A774EEC563B8B6</string>
			</array>
			<key>isa</key>
			<string>PBXGroup</string>
			<key>name</key>
			<string>Pods</string>
			<key>sourceTree</key>
			<string>&lt;group&gt;</string>
		</dict>
		<key>A0D7DB6A4CE29F3BC6388806</key>
		<dict>
			<key>buildActionMask</key>
			<string>2147483647</string>
			<key>files</key>
			<array/>
			<key>inputPaths</key>
			<array/>
			<key>isa</key>
			<string>PBXShellScriptBuildPhase</string>
			<key>name</key>
			<string>Check Pods Manifest.lock</string>
			<key>outputPaths</key>
			<array/>
			<key>runOnlyForDeploymentPostprocessing</key>
			<string>0</string>
			<key>shellPath</key>
			<string>/bin/sh</string>
			<key>shellScript</key>
			<string>diff "${PODS_ROOT}/../Podfile.lock" "${PODS_ROOT}/Manifest.lock" &gt; /dev/null
if [[ $? != 0 ]] ; then
    cat &lt;&lt; EOM
error: The sandbox is not in sync with the Podfile.lock. Run 'pod install' or update your CocoaPods installation.
EOM
    exit 1
fi
</string>
			<key>showEnvVarsInLog</key>
			<string>0</string>
		</dict>
		<key>A4C60AC0780ACAD7CE3A030B</key>
		<dict>
			<key>includeInIndex</key>
			<string>1</string>
			<key>isa</key>
			<string>PBXFileReference</string>
			<key>lastKnownFileType</key>
			<string>text.xcconfig</string>
			<key>name</key>
			<string>Pods-ImagineTests.debug.xcconfig</string>
			<key>path</key>
			<string>Pods/Target Support Files/Pods-ImagineTests/Pods-ImagineTests.debug.xcconfig</string>
			<key>sourceTree</key>
			<string>&lt;group&gt;</string>
		</dict>
		<key>A9996899B31AF726BA925AD6</key>
		<dict>
			<key>includeInIndex</key>
			<string>1</string>
			<key>isa</key>
			<string>PBXFileReference</string>
			<key>lastKnownFileType</key>
			<string>text.xcconfig</string>
			<key>name</key>
			<string>Pods-Imagine.release.xcconfig</string>
			<key>path</key>
			<string>Pods/Target Support Files/Pods-Imagine/Pods-Imagine.release.xcconfig</string>
			<key>sourceTree</key>
			<string>&lt;group&gt;</string>
		</dict>
		<key>AD06A65E25A774EEC563B8B6</key>
		<dict>
			<key>includeInIndex</key>
			<string>1</string>
			<key>isa</key>
			<string>PBXFileReference</string>
			<key>lastKnownFileType</key>
			<string>text.xcconfig</string>
			<key>name</key>
			<string>Pods-ImagineTests.release.xcconfig</string>
			<key>path</key>
			<string>Pods/Target Support Files/Pods-ImagineTests/Pods-ImagineTests.release.xcconfig</string>
			<key>sourceTree</key>
			<string>&lt;group&gt;</string>
		</dict>
		<key>CC02CED21D3A412B0098B333</key>
		<dict>
			<key>children</key>
			<array>
				<string>CC02CED31D3A414E0098B333</string>
			</array>
			<key>isa</key>
			<string>PBXGroup</string>
			<key>name</key>
			<string>sounds</string>
			<key>sourceTree</key>
			<string>&lt;group&gt;</string>
		</dict>
		<key>CC02CED31D3A414E0098B333</key>
		<dict>
			<key>isa</key>
			<string>PBXFileReference</string>
			<key>lastKnownFileType</key>
			<string>audio.mp3</string>
			<key>path</key>
			<string>rain.mp3</string>
			<key>sourceTree</key>
			<string>&lt;group&gt;</string>
		</dict>
		<key>CC02CED41D3A414E0098B333</key>
		<dict>
			<key>fileRef</key>
			<string>CC02CED31D3A414E0098B333</string>
			<key>isa</key>
			<string>PBXBuildFile</string>
		</dict>
		<key>CC04282F1D4ED15F005457A8</key>
		<dict>
			<key>fileEncoding</key>
			<string>4</string>
			<key>isa</key>
			<string>PBXFileReference</string>
			<key>lastKnownFileType</key>
			<string>sourcecode.swift</string>
			<key>path</key>
			<string>OStoryFactory.swift</string>
			<key>sourceTree</key>
			<string>&lt;group&gt;</string>
		</dict>
		<key>CC0428301D4ED15F005457A8</key>
		<dict>
			<key>fileRef</key>
			<string>CC04282F1D4ED15F005457A8</string>
			<key>isa</key>
			<string>PBXBuildFile</string>
		</dict>
		<key>CC19D4481D3CE03300BE3E2D</key>
		<dict>
			<key>fileEncoding</key>
			<string>4</string>
			<key>isa</key>
			<string>PBXFileReference</string>
			<key>lastKnownFileType</key>
			<string>sourcecode.swift</string>
			<key>path</key>
			<string>OUser.swift</string>
			<key>sourceTree</key>
			<string>&lt;group&gt;</string>
		</dict>
		<key>CC19D4491D3CE03300BE3E2D</key>
		<dict>
			<key>fileRef</key>
			<string>CC19D4481D3CE03300BE3E2D</string>
			<key>isa</key>
			<string>PBXBuildFile</string>
		</dict>
		<key>CC19D44A1D3CF3AF00BE3E2D</key>
		<dict>
			<key>fileEncoding</key>
			<string>4</string>
			<key>isa</key>
			<string>PBXFileReference</string>
			<key>lastKnownFileType</key>
			<string>sourcecode.swift</string>
			<key>path</key>
			<string>OExtenstions.swift</string>
			<key>sourceTree</key>
			<string>&lt;group&gt;</string>
		</dict>
		<key>CC19D44B1D3CF3AF00BE3E2D</key>
		<dict>
			<key>fileRef</key>
			<string>CC19D44A1D3CF3AF00BE3E2D</string>
			<key>isa</key>
			<string>PBXBuildFile</string>
		</dict>
		<key>CC19D44C1D3CF3E500BE3E2D</key>
		<dict>
			<key>children</key>
			<array>
				<string>CC5260451D3CA7A3008C4F38</string>
			</array>
			<key>isa</key>
			<string>PBXGroup</string>
			<key>name</key>
			<string>constants</string>
			<key>path</key>
			<string>..</string>
			<key>sourceTree</key>
			<string>&lt;group&gt;</string>
		</dict>
		<key>CC52603D1D3C565F008C4F38</key>
		<dict>
			<key>children</key>
			<array>
				<string>CCFEEA281D425B5300C5CC4D</string>
				<string>CC5260401D3C56BF008C4F38</string>
				<string>CC5260471D3CDC21008C4F38</string>
				<string>CC19D4481D3CE03300BE3E2D</string>
			</array>
			<key>isa</key>
			<string>PBXGroup</string>
			<key>name</key>
			<string>models</string>
			<key>sourceTree</key>
			<string>&lt;group&gt;</string>
		</dict>
		<key>CC52603E1D3C5672008C4F38</key>
		<dict>
			<key>fileEncoding</key>
			<string>4</string>
			<key>isa</key>
			<string>PBXFileReference</string>
			<key>lastKnownFileType</key>
			<string>sourcecode.swift</string>
			<key>path</key>
			<string>OStoryCard.swift</string>
			<key>sourceTree</key>
			<string>&lt;group&gt;</string>
		</dict>
		<key>CC52603F1D3C5672008C4F38</key>
		<dict>
			<key>fileRef</key>
			<string>CC52603E1D3C5672008C4F38</string>
			<key>isa</key>
			<string>PBXBuildFile</string>
		</dict>
		<key>CC5260401D3C56BF008C4F38</key>
		<dict>
			<key>children</key>
			<array>
				<string>CC04282F1D4ED15F005457A8</string>
				<string>CC5260411D3C56F6008C4F38</string>
			</array>
			<key>isa</key>
			<string>PBXGroup</string>
			<key>name</key>
			<string>stores</string>
			<key>sourceTree</key>
			<string>&lt;group&gt;</string>
		</dict>
		<key>CC5260411D3C56F6008C4F38</key>
		<dict>
			<key>fileEncoding</key>
			<string>4</string>
			<key>isa</key>
			<string>PBXFileReference</string>
			<key>lastKnownFileType</key>
			<string>sourcecode.swift</string>
			<key>path</key>
			<string>OStoryCardFactory.swift</string>
			<key>sourceTree</key>
			<string>&lt;group&gt;</string>
		</dict>
		<key>CC5260421D3C56F6008C4F38</key>
		<dict>
			<key>fileRef</key>
			<string>CC5260411D3C56F6008C4F38</string>
			<key>isa</key>
			<string>PBXBuildFile</string>
		</dict>
		<key>CC5260451D3CA7A3008C4F38</key>
		<dict>
			<key>fileEncoding</key>
			<string>4</string>
			<key>isa</key>
			<string>PBXFileReference</string>
			<key>lastKnownFileType</key>
			<string>sourcecode.swift</string>
			<key>path</key>
			<string>OConstants.swift</string>
			<key>sourceTree</key>
			<string>&lt;group&gt;</string>
		</dict>
		<key>CC5260461D3CA7A3008C4F38</key>
		<dict>
			<key>fileRef</key>
			<string>CC5260451D3CA7A3008C4F38</string>
			<key>isa</key>
			<string>PBXBuildFile</string>
		</dict>
		<key>CC5260471D3CDC21008C4F38</key>
		<dict>
			<key>fileEncoding</key>
			<string>4</string>
			<key>isa</key>
			<string>PBXFileReference</string>
			<key>lastKnownFileType</key>
			<string>sourcecode.swift</string>
			<key>path</key>
			<string>OStoryGrid.swift</string>
			<key>sourceTree</key>
			<string>&lt;group&gt;</string>
		</dict>
		<key>CC5260481D3CDC21008C4F38</key>
		<dict>
			<key>fileRef</key>
			<string>CC5260471D3CDC21008C4F38</string>
			<key>isa</key>
			<string>PBXBuildFile</string>
		</dict>
		<key>CC71A0B91D3FABBA00C85D48</key>
		<dict>
			<key>fileEncoding</key>
			<string>4</string>
			<key>isa</key>
			<string>PBXFileReference</string>
			<key>lastKnownFileType</key>
			<string>sourcecode.swift</string>
			<key>path</key>
			<string>OWindow.swift</string>
			<key>sourceTree</key>
			<string>&lt;group&gt;</string>
		</dict>
		<key>CC71A0BA1D3FABBA00C85D48</key>
		<dict>
			<key>fileRef</key>
			<string>CC71A0B91D3FABBA00C85D48</string>
			<key>isa</key>
			<string>PBXBuildFile</string>
		</dict>
		<key>CC71A0BB1D3FAD4E00C85D48</key>
		<dict>
			<key>fileEncoding</key>
			<string>4</string>
			<key>isa</key>
			<string>PBXFileReference</string>
			<key>lastKnownFileType</key>
			<string>sourcecode.swift</string>
			<key>path</key>
			<string>OStoryGridTableViewCell.swift</string>
			<key>sourceTree</key>
			<string>&lt;group&gt;</string>
		</dict>
		<key>CC71A0BC1D3FAD4E00C85D48</key>
		<dict>
			<key>fileRef</key>
			<string>CC71A0BB1D3FAD4E00C85D48</string>
			<key>isa</key>
			<string>PBXBuildFile</string>
		</dict>
		<key>CC71A0BD1D3FD09B00C85D48</key>
		<dict>
			<key>children</key>
			<array>
				<string>CC71A0BE1D3FD0D000C85D48</string>
			</array>
			<key>isa</key>
			<string>PBXGroup</string>
			<key>name</key>
			<string>protocols</string>
			<key>sourceTree</key>
			<string>&lt;group&gt;</string>
		</dict>
		<key>CC71A0BE1D3FD0D000C85D48</key>
		<dict>
			<key>fileEncoding</key>
			<string>4</string>
			<key>isa</key>
			<string>PBXFileReference</string>
			<key>lastKnownFileType</key>
			<string>sourcecode.swift</string>
			<key>path</key>
			<string>OStoryPosterPresentationProtocol.swift</string>
			<key>sourceTree</key>
			<string>&lt;group&gt;</string>
		</dict>
		<key>CC71A0BF1D3FD0D000C85D48</key>
		<dict>
			<key>fileRef</key>
			<string>CC71A0BE1D3FD0D000C85D48</string>
			<key>isa</key>
			<string>PBXBuildFile</string>
		</dict>
		<key>CC71A0C01D3FE74B00C85D48</key>
		<dict>
			<key>children</key>
			<array>
				<string>CC71A0C11D3FE7A200C85D48</string>
				<string>CCB87C8F1D40EC7000F4DE87</string>
				<string>CCFEEA321D4684A400C5CC4D</string>
				<string>CCFEEA341D46874E00C5CC4D</string>
			</array>
			<key>isa</key>
			<string>PBXGroup</string>
			<key>name</key>
			<string>animators</string>
			<key>sourceTree</key>
			<string>&lt;group&gt;</string>
		</dict>
		<key>CC71A0C11D3FE7A200C85D48</key>
		<dict>
			<key>fileEncoding</key>
			<string>4</string>
			<key>isa</key>
			<string>PBXFileReference</string>
			<key>lastKnownFileType</key>
			<string>sourcecode.swift</string>
			<key>path</key>
			<string>CardExpandAnimator.swift</string>
			<key>sourceTree</key>
			<string>&lt;group&gt;</string>
		</dict>
		<key>CC71A0C21D3FE7A200C85D48</key>
		<dict>
			<key>fileRef</key>
			<string>CC71A0C11D3FE7A200C85D48</string>
			<key>isa</key>
			<string>PBXBuildFile</string>
		</dict>
		<key>CCB87C8F1D40EC7000F4DE87</key>
		<dict>
			<key>fileEncoding</key>
			<string>4</string>
			<key>isa</key>
			<string>PBXFileReference</string>
			<key>lastKnownFileType</key>
			<string>sourcecode.swift</string>
			<key>path</key>
			<string>CardShrinkAnimator.swift</string>
			<key>sourceTree</key>
			<string>&lt;group&gt;</string>
		</dict>
		<key>CCB87C901D40EC7000F4DE87</key>
		<dict>
			<key>fileRef</key>
			<string>CCB87C8F1D40EC7000F4DE87</string>
			<key>isa</key>
			<string>PBXBuildFile</string>
		</dict>
		<key>CCB87C911D410DBC00F4DE87</key>
		<dict>
			<key>children</key>
			<array>
				<string>CCB87C921D410DD200F4DE87</string>
			</array>
			<key>isa</key>
			<string>PBXGroup</string>
			<key>name</key>
			<string>interactors</string>
			<key>sourceTree</key>
			<string>&lt;group&gt;</string>
		</dict>
		<key>CCB87C921D410DD200F4DE87</key>
		<dict>
			<key>fileEncoding</key>
			<string>4</string>
			<key>isa</key>
			<string>PBXFileReference</string>
			<key>lastKnownFileType</key>
			<string>sourcecode.swift</string>
			<key>path</key>
			<string>PercentInteractor.swift</string>
			<key>sourceTree</key>
			<string>&lt;group&gt;</string>
		</dict>
		<key>CCB87C931D410DD200F4DE87</key>
		<dict>
			<key>fileRef</key>
			<string>CCB87C921D410DD200F4DE87</string>
			<key>isa</key>
			<string>PBXBuildFile</string>
		</dict>
		<key>CCDC96E21D3E204A0078CBA2</key>
		<dict>
			<key>fileEncoding</key>
			<string>4</string>
			<key>isa</key>
			<string>PBXFileReference</string>
			<key>lastKnownFileType</key>
			<string>sourcecode.swift</string>
			<key>path</key>
			<string>OStoryPosterViewController.swift</string>
			<key>sourceTree</key>
			<string>&lt;group&gt;</string>
		</dict>
		<key>CCDC96E31D3E204A0078CBA2</key>
		<dict>
			<key>fileRef</key>
			<string>CCDC96E21D3E204A0078CBA2</string>
			<key>isa</key>
			<string>PBXBuildFile</string>
		</dict>
		<key>CCFCA5E31D3B4CC500050B81</key>
		<dict>
			<key>children</key>
			<array>
				<string>CCFCA5E41D3B4CD900050B81</string>
				<string>CC19D44A1D3CF3AF00BE3E2D</string>
			</array>
			<key>isa</key>
			<string>PBXGroup</string>
			<key>name</key>
			<string>utils</string>
			<key>path</key>
			<string>..</string>
			<key>sourceTree</key>
			<string>&lt;group&gt;</string>
		</dict>
		<key>CCFCA5E41D3B4CD900050B81</key>
		<dict>
			<key>fileEncoding</key>
			<string>4</string>
			<key>isa</key>
			<string>PBXFileReference</string>
			<key>lastKnownFileType</key>
			<string>sourcecode.swift</string>
			<key>path</key>
			<string>OUtils.swift</string>
			<key>sourceTree</key>
			<string>&lt;group&gt;</string>
		</dict>
		<key>CCFCA5E51D3B4CD900050B81</key>
		<dict>
			<key>fileRef</key>
			<string>CCFCA5E41D3B4CD900050B81</string>
			<key>isa</key>
			<string>PBXBuildFile</string>
		</dict>
		<key>CCFEEA261D425B3300C5CC4D</key>
		<dict>
			<key>fileEncoding</key>
			<string>4</string>
			<key>isa</key>
			<string>PBXFileReference</string>
			<key>lastKnownFileType</key>
			<string>sourcecode.swift</string>
			<key>path</key>
			<string>OStory.swift</string>
			<key>sourceTree</key>
			<string>&lt;group&gt;</string>
		</dict>
		<key>CCFEEA271D425B3300C5CC4D</key>
		<dict>
			<key>fileRef</key>
			<string>CCFEEA261D425B3300C5CC4D</string>
			<key>isa</key>
			<string>PBXBuildFile</string>
		</dict>
		<key>CCFEEA281D425B5300C5CC4D</key>
		<dict>
			<key>children</key>
			<array>
				<string>CCFEEA261D425B3300C5CC4D</string>
				<string>CC52603E1D3C5672008C4F38</string>
			</array>
			<key>isa</key>
			<string>PBXGroup</string>
			<key>name</key>
			<string>structs</string>
			<key>sourceTree</key>
			<string>&lt;group&gt;</string>
		</dict>
		<key>CCFEEA291D43645700C5CC4D</key>
		<dict>
			<key>children</key>
			<array/>
			<key>isa</key>
			<string>PBXGroup</string>
			<key>name</key>
			<string>layers</string>
			<key>sourceTree</key>
			<string>&lt;group&gt;</string>
		</dict>
		<key>CCFEEA2A1D43646500C5CC4D</key>
		<dict>
			<key>fileEncoding</key>
			<string>4</string>
			<key>isa</key>
			<string>PBXFileReference</string>
			<key>lastKnownFileType</key>
			<string>sourcecode.swift</string>
			<key>path</key>
			<string>OvalLayer.swift</string>
			<key>sourceTree</key>
			<string>&lt;group&gt;</string>
		</dict>
		<key>CCFEEA2B1D43646500C5CC4D</key>
		<dict>
			<key>fileRef</key>
			<string>CCFEEA2A1D43646500C5CC4D</string>
			<key>isa</key>
			<string>PBXBuildFile</string>
		</dict>
		<key>CCFEEA2C1D43866600C5CC4D</key>
		<dict>
			<key>fileEncoding</key>
			<string>4</string>
			<key>isa</key>
			<string>PBXFileReference</string>
			<key>lastKnownFileType</key>
			<string>sourcecode.swift</string>
			<key>path</key>
			<string>Loader.swift</string>
			<key>sourceTree</key>
			<string>&lt;group&gt;</string>
		</dict>
		<key>CCFEEA2D1D43866600C5CC4D</key>
		<dict>
			<key>fileRef</key>
			<string>CCFEEA2C1D43866600C5CC4D</string>
			<key>isa</key>
			<string>PBXBuildFile</string>
		</dict>
		<key>CCFEEA2E1D467A9500C5CC4D</key>
		<dict>
			<key>fileEncoding</key>
			<string>4</string>
			<key>isa</key>
			<string>PBXFileReference</string>
			<key>lastKnownFileType</key>
			<string>sourcecode.swift</string>
			<key>path</key>
			<string>OStoryContainerViewController.swift</string>
			<key>sourceTree</key>
			<string>&lt;group&gt;</string>
		</dict>
		<key>CCFEEA2F1D467A9500C5CC4D</key>
		<dict>
			<key>fileRef</key>
			<string>CCFEEA2E1D467A9500C5CC4D</string>
			<key>isa</key>
			<string>PBXBuildFile</string>
		</dict>
		<key>CCFEEA321D4684A400C5CC4D</key>
		<dict>
			<key>fileEncoding</key>
			<string>4</string>
			<key>isa</key>
			<string>PBXFileReference</string>
			<key>lastKnownFileType</key>
			<string>sourcecode.swift</string>
			<key>path</key>
			<string>PullUpAnimator.swift</string>
			<key>sourceTree</key>
			<string>&lt;group&gt;</string>
		</dict>
		<key>CCFEEA331D4684A400C5CC4D</key>
		<dict>
			<key>fileRef</key>
			<string>CCFEEA321D4684A400C5CC4D</string>
			<key>isa</key>
			<string>PBXBuildFile</string>
		</dict>
		<key>CCFEEA341D46874E00C5CC4D</key>
		<dict>
			<key>fileEncoding</key>
			<string>4</string>
			<key>isa</key>
			<string>PBXFileReference</string>
			<key>lastKnownFileType</key>
			<string>sourcecode.swift</string>
			<key>path</key>
			<string>PullDownAnimator.swift</string>
			<key>sourceTree</key>
			<string>&lt;group&gt;</string>
		</dict>
		<key>CCFEEA351D46874E00C5CC4D</key>
		<dict>
			<key>fileRef</key>
			<string>CCFEEA341D46874E00C5CC4D</string>
			<key>isa</key>
			<string>PBXBuildFile</string>
		</dict>
		<key>CCFEEA361D47AE8C00C5CC4D</key>
		<dict>
			<key>children</key>
			<array>
				<string>CCFEEA2C1D43866600C5CC4D</string>
				<string>CCFEEA2A1D43646500C5CC4D</string>
			</array>
			<key>isa</key>
			<string>PBXGroup</string>
			<key>name</key>
			<string>loader</string>
			<key>sourceTree</key>
			<string>&lt;group&gt;</string>
		</dict>
		<key>CCFFE9711D39CD6600515A24</key>
		<dict>
			<key>children</key>
			<array>
				<string>CCFFE9AB1D39CE1700515A24</string>
				<string>CCFFE97C1D39CD6600515A24</string>
				<string>CCFFE9911D39CD6600515A24</string>
				<string>CCFFE99C1D39CD6600515A24</string>
				<string>CCFFE97B1D39CD6600515A24</string>
				<string>9D2494E9DE6D8489E5A3AD58</string>
				<string>EC3FA4813B1483EC6244D970</string>
			</array>
			<key>isa</key>
			<string>PBXGroup</string>
			<key>sourceTree</key>
			<string>&lt;group&gt;</string>
		</dict>
		<key>CCFFE9721D39CD6600515A24</key>
		<dict>
			<key>attributes</key>
			<dict>
				<key>LastSwiftUpdateCheck</key>
				<string>0730</string>
				<key>LastUpgradeCheck</key>
				<string>0730</string>
				<key>ORGANIZATIONNAME</key>
				<string>Personal</string>
				<key>TargetAttributes</key>
				<dict>
					<key>CCFFE9791D39CD6600515A24</key>
					<dict>
						<key>CreatedOnToolsVersion</key>
						<string>7.3.1</string>
					</dict>
					<key>CCFFE98D1D39CD6600515A24</key>
					<dict>
						<key>CreatedOnToolsVersion</key>
						<string>7.3.1</string>
						<key>TestTargetID</key>
						<string>CCFFE9791D39CD6600515A24</string>
					</dict>
					<key>CCFFE9981D39CD6600515A24</key>
					<dict>
						<key>CreatedOnToolsVersion</key>
						<string>7.3.1</string>
						<key>TestTargetID</key>
						<string>CCFFE9791D39CD6600515A24</string>
					</dict>
				</dict>
			</dict>
			<key>buildConfigurationList</key>
			<string>CCFFE9751D39CD6600515A24</string>
			<key>compatibilityVersion</key>
			<string>Xcode 3.2</string>
			<key>developmentRegion</key>
			<string>English</string>
			<key>hasScannedForEncodings</key>
			<string>0</string>
			<key>isa</key>
			<string>PBXProject</string>
			<key>knownRegions</key>
			<array>
				<string>en</string>
				<string>Base</string>
			</array>
			<key>mainGroup</key>
			<string>CCFFE9711D39CD6600515A24</string>
			<key>productRefGroup</key>
			<string>CCFFE97B1D39CD6600515A24</string>
			<key>projectDirPath</key>
			<string></string>
			<key>projectReferences</key>
			<array/>
			<key>projectRoot</key>
			<string></string>
			<key>targets</key>
			<array>
				<string>CCFFE9791D39CD6600515A24</string>
				<string>CCFFE98D1D39CD6600515A24</string>
				<string>CCFFE9981D39CD6600515A24</string>
			</array>
		</dict>
		<key>CCFFE9751D39CD6600515A24</key>
		<dict>
			<key>buildConfigurations</key>
			<array>
				<string>CCFFE9A01D39CD6600515A24</string>
				<string>CCFFE9A11D39CD6600515A24</string>
			</array>
			<key>defaultConfigurationIsVisible</key>
			<string>0</string>
			<key>defaultConfigurationName</key>
			<string>Release</string>
			<key>isa</key>
			<string>XCConfigurationList</string>
		</dict>
		<key>CCFFE9761D39CD6600515A24</key>
		<dict>
			<key>buildActionMask</key>
			<string>2147483647</string>
			<key>files</key>
			<array>
				<string>CCFCA5E51D3B4CD900050B81</string>
				<string>CC52603F1D3C5672008C4F38</string>
				<string>CCFEEA271D425B3300C5CC4D</string>
				<string>CC5260461D3CA7A3008C4F38</string>
				<string>CCFFE9B41D39D33300515A24</string>
				<string>CCFEEA2B1D43646500C5CC4D</string>
				<string>CC5260421D3C56F6008C4F38</string>
				<string>CC71A0BF1D3FD0D000C85D48</string>
				<string>CCFEEA2F1D467A9500C5CC4D</string>
				<string>CC19D44B1D3CF3AF00BE3E2D</string>
				<string>CC5260481D3CDC21008C4F38</string>
				<string>CCFEEA331D4684A400C5CC4D</string>
				<string>CC71A0C21D3FE7A200C85D48</string>
				<string>CCFFE9AD1D39CE4A00515A24</string>
				<string>CCB87C901D40EC7000F4DE87</string>
				<string>CC71A0BC1D3FAD4E00C85D48</string>
				<string>CC19D4491D3CE03300BE3E2D</string>
				<string>CCFFE9801D39CD6600515A24</string>
				<string>CCFEEA2D1D43866600C5CC4D</string>
				<string>CC71A0BA1D3FABBA00C85D48</string>
				<string>CCFFE97E1D39CD6600515A24</string>
				<string>CCDC96E31D3E204A0078CBA2</string>
				<string>CC0428301D4ED15F005457A8</string>
				<string>CCFEEA351D46874E00C5CC4D</string>
				<string>CCB87C931D410DD200F4DE87</string>
			</array>
			<key>isa</key>
			<string>PBXSourcesBuildPhase</string>
			<key>runOnlyForDeploymentPostprocessing</key>
			<string>0</string>
		</dict>
		<key>CCFFE9771D39CD6600515A24</key>
		<dict>
			<key>buildActionMask</key>
			<string>2147483647</string>
			<key>files</key>
			<array>
				<string>F40CA875EFCBFECD20FB8650</string>
			</array>
			<key>isa</key>
			<string>PBXFrameworksBuildPhase</string>
			<key>runOnlyForDeploymentPostprocessing</key>
			<string>0</string>
		</dict>
		<key>CCFFE9781D39CD6600515A24</key>
		<dict>
			<key>buildActionMask</key>
			<string>2147483647</string>
			<key>files</key>
			<array>
				<string>CCFFE9881D39CD6600515A24</string>
				<string>CCFFE9851D39CD6600515A24</string>
				<string>CCFFE9831D39CD6600515A24</string>
				<string>CC02CED41D3A414E0098B333</string>
			</array>
			<key>isa</key>
			<string>PBXResourcesBuildPhase</string>
			<key>runOnlyForDeploymentPostprocessing</key>
			<string>0</string>
		</dict>
		<key>CCFFE9791D39CD6600515A24</key>
		<dict>
			<key>buildConfigurationList</key>
			<string>CCFFE9A21D39CD6600515A24</string>
			<key>buildPhases</key>
			<array>
				<string>F3644A524FC906B3D5E5FCCC</string>
				<string>CCFFE9761D39CD6600515A24</string>
				<string>CCFFE9771D39CD6600515A24</string>
				<string>CCFFE9781D39CD6600515A24</string>
				<string>80DD0BD7DD03ACD55E8DE8DE</string>
				<string>11AC4F0B5501555D34C8305E</string>
			</array>
			<key>buildRules</key>
			<array/>
			<key>dependencies</key>
			<array/>
			<key>isa</key>
			<string>PBXNativeTarget</string>
			<key>name</key>
			<string>Imagine</string>
			<key>productName</key>
			<string>Imagine</string>
			<key>productReference</key>
			<string>CCFFE97A1D39CD6600515A24</string>
			<key>productType</key>
			<string>com.apple.product-type.application</string>
		</dict>
		<key>CCFFE97A1D39CD6600515A24</key>
		<dict>
			<key>explicitFileType</key>
			<string>wrapper.application</string>
			<key>includeInIndex</key>
			<string>0</string>
			<key>isa</key>
			<string>PBXFileReference</string>
			<key>path</key>
			<string>Imagine.app</string>
			<key>sourceTree</key>
			<string>BUILT_PRODUCTS_DIR</string>
		</dict>
		<key>CCFFE97B1D39CD6600515A24</key>
		<dict>
			<key>children</key>
			<array>
				<string>CCFFE97A1D39CD6600515A24</string>
				<string>CCFFE98E1D39CD6600515A24</string>
				<string>CCFFE9991D39CD6600515A24</string>
			</array>
			<key>isa</key>
			<string>PBXGroup</string>
			<key>name</key>
			<string>Products</string>
			<key>sourceTree</key>
			<string>&lt;group&gt;</string>
		</dict>
		<key>CCFFE97C1D39CD6600515A24</key>
		<dict>
			<key>children</key>
			<array>
				<string>CCB87C911D410DBC00F4DE87</string>
				<string>CC71A0C01D3FE74B00C85D48</string>
				<string>CC71A0BD1D3FD09B00C85D48</string>
				<string>CC19D44C1D3CF3E500BE3E2D</string>
				<string>CCFCA5E31D3B4CC500050B81</string>
				<string>CC52603D1D3C565F008C4F38</string>
				<string>CCFFE9B21D39D30900515A24</string>
				<string>CCFFE9AE1D39CE6600515A24</string>
				<string>CCFFE9811D39CD6600515A24</string>
				<string>CCFFE9841D39CD6600515A24</string>
			</array>
			<key>isa</key>
			<string>PBXGroup</string>
			<key>path</key>
			<string>Imagine</string>
			<key>sourceTree</key>
			<string>&lt;group&gt;</string>
		</dict>
		<key>CCFFE97D1D39CD6600515A24</key>
		<dict>
			<key>isa</key>
			<string>PBXFileReference</string>
			<key>lastKnownFileType</key>
			<string>sourcecode.swift</string>
			<key>name</key>
			<string>AppDelegate.swift</string>
			<key>path</key>
			<string>Imagine/AppDelegate.swift</string>
			<key>sourceTree</key>
			<string>&lt;group&gt;</string>
		</dict>
		<key>CCFFE97E1D39CD6600515A24</key>
		<dict>
			<key>fileRef</key>
			<string>CCFFE97D1D39CD6600515A24</string>
			<key>isa</key>
			<string>PBXBuildFile</string>
		</dict>
		<key>CCFFE97F1D39CD6600515A24</key>
		<dict>
			<key>isa</key>
			<string>PBXFileReference</string>
			<key>lastKnownFileType</key>
			<string>sourcecode.swift</string>
			<key>path</key>
			<string>OStoryGridViewController.swift</string>
			<key>sourceTree</key>
			<string>&lt;group&gt;</string>
		</dict>
		<key>CCFFE9801D39CD6600515A24</key>
		<dict>
			<key>fileRef</key>
			<string>CCFFE97F1D39CD6600515A24</string>
			<key>isa</key>
			<string>PBXBuildFile</string>
		</dict>
		<key>CCFFE9811D39CD6600515A24</key>
		<dict>
			<key>children</key>
			<array>
				<string>CCFFE9821D39CD6600515A24</string>
			</array>
			<key>isa</key>
			<string>PBXVariantGroup</string>
			<key>name</key>
			<string>Main.storyboard</string>
			<key>sourceTree</key>
			<string>&lt;group&gt;</string>
		</dict>
		<key>CCFFE9821D39CD6600515A24</key>
		<dict>
			<key>isa</key>
			<string>PBXFileReference</string>
			<key>lastKnownFileType</key>
			<string>file.storyboard</string>
			<key>name</key>
			<string>Base</string>
			<key>path</key>
			<string>Base.lproj/Main.storyboard</string>
			<key>sourceTree</key>
			<string>&lt;group&gt;</string>
		</dict>
		<key>CCFFE9831D39CD6600515A24</key>
		<dict>
			<key>fileRef</key>
			<string>CCFFE9811D39CD6600515A24</string>
			<key>isa</key>
			<string>PBXBuildFile</string>
		</dict>
		<key>CCFFE9841D39CD6600515A24</key>
		<dict>
			<key>isa</key>
			<string>PBXFileReference</string>
			<key>lastKnownFileType</key>
			<string>folder.assetcatalog</string>
			<key>path</key>
			<string>Assets.xcassets</string>
			<key>sourceTree</key>
			<string>&lt;group&gt;</string>
		</dict>
		<key>CCFFE9851D39CD6600515A24</key>
		<dict>
			<key>fileRef</key>
			<string>CCFFE9841D39CD6600515A24</string>
			<key>isa</key>
			<string>PBXBuildFile</string>
		</dict>
		<key>CCFFE9861D39CD6600515A24</key>
		<dict>
			<key>children</key>
			<array>
				<string>CCFFE9871D39CD6600515A24</string>
			</array>
			<key>isa</key>
			<string>PBXVariantGroup</string>
			<key>name</key>
			<string>LaunchScreen.storyboard</string>
			<key>path</key>
			<string>Imagine</string>
			<key>sourceTree</key>
			<string>&lt;group&gt;</string>
		</dict>
		<key>CCFFE9871D39CD6600515A24</key>
		<dict>
			<key>isa</key>
			<string>PBXFileReference</string>
			<key>lastKnownFileType</key>
			<string>file.storyboard</string>
			<key>name</key>
			<string>Base</string>
			<key>path</key>
			<string>Base.lproj/LaunchScreen.storyboard</string>
			<key>sourceTree</key>
			<string>&lt;group&gt;</string>
		</dict>
		<key>CCFFE9881D39CD6600515A24</key>
		<dict>
			<key>fileRef</key>
			<string>CCFFE9861D39CD6600515A24</string>
			<key>isa</key>
			<string>PBXBuildFile</string>
		</dict>
		<key>CCFFE9891D39CD6600515A24</key>
		<dict>
			<key>isa</key>
			<string>PBXFileReference</string>
			<key>lastKnownFileType</key>
			<string>text.plist.xml</string>
			<key>name</key>
			<string>Info.plist</string>
			<key>path</key>
			<string>Imagine/Info.plist</string>
			<key>sourceTree</key>
			<string>&lt;group&gt;</string>
		</dict>
		<key>CCFFE98A1D39CD6600515A24</key>
		<dict>
			<key>buildActionMask</key>
			<string>2147483647</string>
			<key>files</key>
			<array>
				<string>CCFFE9931D39CD6600515A24</string>
			</array>
			<key>isa</key>
			<string>PBXSourcesBuildPhase</string>
			<key>runOnlyForDeploymentPostprocessing</key>
			<string>0</string>
		</dict>
		<key>CCFFE98B1D39CD6600515A24</key>
		<dict>
			<key>buildActionMask</key>
			<string>2147483647</string>
			<key>files</key>
			<array>
				<string>85E6A55B75C4EAFC1B6C907B</string>
			</array>
			<key>isa</key>
			<string>PBXFrameworksBuildPhase</string>
			<key>runOnlyForDeploymentPostprocessing</key>
			<string>0</string>
		</dict>
		<key>CCFFE98C1D39CD6600515A24</key>
		<dict>
			<key>buildActionMask</key>
			<string>2147483647</string>
			<key>files</key>
			<array/>
			<key>isa</key>
			<string>PBXResourcesBuildPhase</string>
			<key>runOnlyForDeploymentPostprocessing</key>
			<string>0</string>
		</dict>
		<key>CCFFE98D1D39CD6600515A24</key>
		<dict>
			<key>buildConfigurationList</key>
			<string>CCFFE9A51D39CD6600515A24</string>
			<key>buildPhases</key>
			<array>
				<string>A0D7DB6A4CE29F3BC6388806</string>
				<string>CCFFE98A1D39CD6600515A24</string>
				<string>CCFFE98B1D39CD6600515A24</string>
				<string>CCFFE98C1D39CD6600515A24</string>
				<string>5E031FFE75EA512793F200A7</string>
				<string>91F4D690E4410AAEFA4C858C</string>
			</array>
			<key>buildRules</key>
			<array/>
			<key>dependencies</key>
			<array>
				<string>CCFFE9901D39CD6600515A24</string>
			</array>
			<key>isa</key>
			<string>PBXNativeTarget</string>
			<key>name</key>
			<string>ImagineTests</string>
			<key>productName</key>
			<string>ImagineTests</string>
			<key>productReference</key>
			<string>CCFFE98E1D39CD6600515A24</string>
			<key>productType</key>
			<string>com.apple.product-type.bundle.unit-test</string>
		</dict>
		<key>CCFFE98E1D39CD6600515A24</key>
		<dict>
			<key>explicitFileType</key>
			<string>wrapper.cfbundle</string>
			<key>includeInIndex</key>
			<string>0</string>
			<key>isa</key>
			<string>PBXFileReference</string>
			<key>path</key>
			<string>ImagineTests.xctest</string>
			<key>sourceTree</key>
			<string>BUILT_PRODUCTS_DIR</string>
		</dict>
		<key>CCFFE98F1D39CD6600515A24</key>
		<dict>
			<key>containerPortal</key>
			<string>CCFFE9721D39CD6600515A24</string>
			<key>isa</key>
			<string>PBXContainerItemProxy</string>
			<key>proxyType</key>
			<string>1</string>
			<key>remoteGlobalIDString</key>
			<string>CCFFE9791D39CD6600515A24</string>
			<key>remoteInfo</key>
			<string>Imagine</string>
		</dict>
		<key>CCFFE9901D39CD6600515A24</key>
		<dict>
			<key>isa</key>
			<string>PBXTargetDependency</string>
			<key>target</key>
			<string>CCFFE9791D39CD6600515A24</string>
			<key>targetProxy</key>
			<string>CCFFE98F1D39CD6600515A24</string>
		</dict>
		<key>CCFFE9911D39CD6600515A24</key>
		<dict>
			<key>children</key>
			<array>
				<string>CCFFE9921D39CD6600515A24</string>
				<string>CCFFE9941D39CD6600515A24</string>
			</array>
			<key>isa</key>
			<string>PBXGroup</string>
			<key>path</key>
			<string>ImagineTests</string>
			<key>sourceTree</key>
			<string>&lt;group&gt;</string>
		</dict>
		<key>CCFFE9921D39CD6600515A24</key>
		<dict>
			<key>isa</key>
			<string>PBXFileReference</string>
			<key>lastKnownFileType</key>
			<string>sourcecode.swift</string>
			<key>path</key>
			<string>ImagineTests.swift</string>
			<key>sourceTree</key>
			<string>&lt;group&gt;</string>
		</dict>
		<key>CCFFE9931D39CD6600515A24</key>
		<dict>
			<key>fileRef</key>
			<string>CCFFE9921D39CD6600515A24</string>
			<key>isa</key>
			<string>PBXBuildFile</string>
		</dict>
		<key>CCFFE9941D39CD6600515A24</key>
		<dict>
			<key>isa</key>
			<string>PBXFileReference</string>
			<key>lastKnownFileType</key>
			<string>text.plist.xml</string>
			<key>path</key>
			<string>Info.plist</string>
			<key>sourceTree</key>
			<string>&lt;group&gt;</string>
		</dict>
		<key>CCFFE9951D39CD6600515A24</key>
		<dict>
			<key>buildActionMask</key>
			<string>2147483647</string>
			<key>files</key>
			<array>
				<string>CCFFE99E1D39CD6600515A24</string>
			</array>
			<key>isa</key>
			<string>PBXSourcesBuildPhase</string>
			<key>runOnlyForDeploymentPostprocessing</key>
			<string>0</string>
		</dict>
		<key>CCFFE9961D39CD6600515A24</key>
		<dict>
			<key>buildActionMask</key>
			<string>2147483647</string>
			<key>files</key>
			<array/>
			<key>isa</key>
			<string>PBXFrameworksBuildPhase</string>
			<key>runOnlyForDeploymentPostprocessing</key>
			<string>0</string>
		</dict>
		<key>CCFFE9971D39CD6600515A24</key>
		<dict>
			<key>buildActionMask</key>
			<string>2147483647</string>
			<key>files</key>
			<array/>
			<key>isa</key>
			<string>PBXResourcesBuildPhase</string>
			<key>runOnlyForDeploymentPostprocessing</key>
			<string>0</string>
		</dict>
		<key>CCFFE9981D39CD6600515A24</key>
		<dict>
			<key>buildConfigurationList</key>
			<string>CCFFE9A81D39CD6600515A24</string>
			<key>buildPhases</key>
			<array>
				<string>CCFFE9951D39CD6600515A24</string>
				<string>CCFFE9961D39CD6600515A24</string>
				<string>CCFFE9971D39CD6600515A24</string>
			</array>
			<key>buildRules</key>
			<array/>
			<key>dependencies</key>
			<array>
				<string>CCFFE99B1D39CD6600515A24</string>
			</array>
			<key>isa</key>
			<string>PBXNativeTarget</string>
			<key>name</key>
			<string>ImagineUITests</string>
			<key>productName</key>
			<string>ImagineUITests</string>
			<key>productReference</key>
			<string>CCFFE9991D39CD6600515A24</string>
			<key>productType</key>
			<string>com.apple.product-type.bundle.ui-testing</string>
		</dict>
		<key>CCFFE9991D39CD6600515A24</key>
		<dict>
			<key>explicitFileType</key>
			<string>wrapper.cfbundle</string>
			<key>includeInIndex</key>
			<string>0</string>
			<key>isa</key>
			<string>PBXFileReference</string>
			<key>path</key>
			<string>ImagineUITests.xctest</string>
			<key>sourceTree</key>
			<string>BUILT_PRODUCTS_DIR</string>
		</dict>
		<key>CCFFE99A1D39CD6600515A24</key>
		<dict>
			<key>containerPortal</key>
			<string>CCFFE9721D39CD6600515A24</string>
			<key>isa</key>
			<string>PBXContainerItemProxy</string>
			<key>proxyType</key>
			<string>1</string>
			<key>remoteGlobalIDString</key>
			<string>CCFFE9791D39CD6600515A24</string>
			<key>remoteInfo</key>
			<string>Imagine</string>
		</dict>
		<key>CCFFE99B1D39CD6600515A24</key>
		<dict>
			<key>isa</key>
			<string>PBXTargetDependency</string>
			<key>target</key>
			<string>CCFFE9791D39CD6600515A24</string>
			<key>targetProxy</key>
			<string>CCFFE99A1D39CD6600515A24</string>
		</dict>
		<key>CCFFE99C1D39CD6600515A24</key>
		<dict>
			<key>children</key>
			<array>
				<string>CCFFE99D1D39CD6600515A24</string>
				<string>CCFFE99F1D39CD6600515A24</string>
			</array>
			<key>isa</key>
			<string>PBXGroup</string>
			<key>path</key>
			<string>ImagineUITests</string>
			<key>sourceTree</key>
			<string>&lt;group&gt;</string>
		</dict>
		<key>CCFFE99D1D39CD6600515A24</key>
		<dict>
			<key>isa</key>
			<string>PBXFileReference</string>
			<key>lastKnownFileType</key>
			<string>sourcecode.swift</string>
			<key>path</key>
			<string>ImagineUITests.swift</string>
			<key>sourceTree</key>
			<string>&lt;group&gt;</string>
		</dict>
		<key>CCFFE99E1D39CD6600515A24</key>
		<dict>
			<key>fileRef</key>
			<string>CCFFE99D1D39CD6600515A24</string>
			<key>isa</key>
			<string>PBXBuildFile</string>
		</dict>
		<key>CCFFE99F1D39CD6600515A24</key>
		<dict>
			<key>isa</key>
			<string>PBXFileReference</string>
			<key>lastKnownFileType</key>
			<string>text.plist.xml</string>
			<key>path</key>
			<string>Info.plist</string>
			<key>sourceTree</key>
			<string>&lt;group&gt;</string>
		</dict>
		<key>CCFFE9A01D39CD6600515A24</key>
		<dict>
			<key>buildSettings</key>
			<dict>
				<key>ALWAYS_SEARCH_USER_PATHS</key>
				<string>NO</string>
				<key>CLANG_ANALYZER_NONNULL</key>
				<string>YES</string>
				<key>CLANG_CXX_LANGUAGE_STANDARD</key>
				<string>gnu++0x</string>
				<key>CLANG_CXX_LIBRARY</key>
				<string>libc++</string>
				<key>CLANG_ENABLE_MODULES</key>
				<string>YES</string>
				<key>CLANG_ENABLE_OBJC_ARC</key>
				<string>YES</string>
				<key>CLANG_WARN_BOOL_CONVERSION</key>
				<string>YES</string>
				<key>CLANG_WARN_CONSTANT_CONVERSION</key>
				<string>YES</string>
				<key>CLANG_WARN_DIRECT_OBJC_ISA_USAGE</key>
				<string>YES_ERROR</string>
				<key>CLANG_WARN_EMPTY_BODY</key>
				<string>YES</string>
				<key>CLANG_WARN_ENUM_CONVERSION</key>
				<string>YES</string>
				<key>CLANG_WARN_INT_CONVERSION</key>
				<string>YES</string>
				<key>CLANG_WARN_OBJC_ROOT_CLASS</key>
				<string>YES_ERROR</string>
				<key>CLANG_WARN_UNREACHABLE_CODE</key>
				<string>YES</string>
				<key>CLANG_WARN__DUPLICATE_METHOD_MATCH</key>
				<string>YES</string>
				<key>CODE_SIGN_IDENTITY[sdk=iphoneos*]</key>
				<string>iPhone Developer</string>
				<key>COPY_PHASE_STRIP</key>
				<string>NO</string>
				<key>DEBUG_INFORMATION_FORMAT</key>
				<string>dwarf</string>
				<key>ENABLE_STRICT_OBJC_MSGSEND</key>
				<string>YES</string>
				<key>ENABLE_TESTABILITY</key>
				<string>YES</string>
				<key>GCC_C_LANGUAGE_STANDARD</key>
				<string>gnu99</string>
				<key>GCC_DYNAMIC_NO_PIC</key>
				<string>NO</string>
				<key>GCC_NO_COMMON_BLOCKS</key>
				<string>YES</string>
				<key>GCC_OPTIMIZATION_LEVEL</key>
				<string>0</string>
				<key>GCC_PREPROCESSOR_DEFINITIONS</key>
				<array>
					<string>DEBUG=1</string>
					<string>$(inherited)</string>
				</array>
				<key>GCC_WARN_64_TO_32_BIT_CONVERSION</key>
				<string>YES</string>
				<key>GCC_WARN_ABOUT_RETURN_TYPE</key>
				<string>YES_ERROR</string>
				<key>GCC_WARN_UNDECLARED_SELECTOR</key>
				<string>YES</string>
				<key>GCC_WARN_UNINITIALIZED_AUTOS</key>
				<string>YES_AGGRESSIVE</string>
				<key>GCC_WARN_UNUSED_FUNCTION</key>
				<string>YES</string>
				<key>GCC_WARN_UNUSED_VARIABLE</key>
				<string>YES</string>
				<key>IPHONEOS_DEPLOYMENT_TARGET</key>
				<string>9.3</string>
				<key>MTL_ENABLE_DEBUG_INFO</key>
				<string>YES</string>
				<key>ONLY_ACTIVE_ARCH</key>
				<string>YES</string>
				<key>SDKROOT</key>
				<string>iphoneos</string>
				<key>SWIFT_OPTIMIZATION_LEVEL</key>
				<string>-Onone</string>
				<key>TARGETED_DEVICE_FAMILY</key>
				<string>1,2</string>
			</dict>
			<key>isa</key>
			<string>XCBuildConfiguration</string>
			<key>name</key>
			<string>Debug</string>
		</dict>
		<key>CCFFE9A11D39CD6600515A24</key>
		<dict>
			<key>buildSettings</key>
			<dict>
				<key>ALWAYS_SEARCH_USER_PATHS</key>
				<string>NO</string>
				<key>CLANG_ANALYZER_NONNULL</key>
				<string>YES</string>
				<key>CLANG_CXX_LANGUAGE_STANDARD</key>
				<string>gnu++0x</string>
				<key>CLANG_CXX_LIBRARY</key>
				<string>libc++</string>
				<key>CLANG_ENABLE_MODULES</key>
				<string>YES</string>
				<key>CLANG_ENABLE_OBJC_ARC</key>
				<string>YES</string>
				<key>CLANG_WARN_BOOL_CONVERSION</key>
				<string>YES</string>
				<key>CLANG_WARN_CONSTANT_CONVERSION</key>
				<string>YES</string>
				<key>CLANG_WARN_DIRECT_OBJC_ISA_USAGE</key>
				<string>YES_ERROR</string>
				<key>CLANG_WARN_EMPTY_BODY</key>
				<string>YES</string>
				<key>CLANG_WARN_ENUM_CONVERSION</key>
				<string>YES</string>
				<key>CLANG_WARN_INT_CONVERSION</key>
				<string>YES</string>
				<key>CLANG_WARN_OBJC_ROOT_CLASS</key>
				<string>YES_ERROR</string>
				<key>CLANG_WARN_UNREACHABLE_CODE</key>
				<string>YES</string>
				<key>CLANG_WARN__DUPLICATE_METHOD_MATCH</key>
				<string>YES</string>
				<key>CODE_SIGN_IDENTITY[sdk=iphoneos*]</key>
				<string>iPhone Developer</string>
				<key>COPY_PHASE_STRIP</key>
				<string>NO</string>
				<key>DEBUG_INFORMATION_FORMAT</key>
				<string>dwarf-with-dsym</string>
				<key>ENABLE_NS_ASSERTIONS</key>
				<string>NO</string>
				<key>ENABLE_STRICT_OBJC_MSGSEND</key>
				<string>YES</string>
				<key>GCC_C_LANGUAGE_STANDARD</key>
				<string>gnu99</string>
				<key>GCC_NO_COMMON_BLOCKS</key>
				<string>YES</string>
				<key>GCC_WARN_64_TO_32_BIT_CONVERSION</key>
				<string>YES</string>
				<key>GCC_WARN_ABOUT_RETURN_TYPE</key>
				<string>YES_ERROR</string>
				<key>GCC_WARN_UNDECLARED_SELECTOR</key>
				<string>YES</string>
				<key>GCC_WARN_UNINITIALIZED_AUTOS</key>
				<string>YES_AGGRESSIVE</string>
				<key>GCC_WARN_UNUSED_FUNCTION</key>
				<string>YES</string>
				<key>GCC_WARN_UNUSED_VARIABLE</key>
				<string>YES</string>
				<key>IPHONEOS_DEPLOYMENT_TARGET</key>
				<string>9.3</string>
				<key>MTL_ENABLE_DEBUG_INFO</key>
				<string>NO</string>
				<key>SDKROOT</key>
				<string>iphoneos</string>
				<key>TARGETED_DEVICE_FAMILY</key>
				<string>1,2</string>
				<key>VALIDATE_PRODUCT</key>
				<string>YES</string>
			</dict>
			<key>isa</key>
			<string>XCBuildConfiguration</string>
			<key>name</key>
			<string>Release</string>
		</dict>
		<key>CCFFE9A21D39CD6600515A24</key>
		<dict>
			<key>buildConfigurations</key>
			<array>
				<string>CCFFE9A31D39CD6600515A24</string>
				<string>CCFFE9A41D39CD6600515A24</string>
			</array>
			<key>defaultConfigurationIsVisible</key>
			<string>0</string>
			<key>defaultConfigurationName</key>
			<string>Release</string>
			<key>isa</key>
			<string>XCConfigurationList</string>
		</dict>
		<key>CCFFE9A31D39CD6600515A24</key>
		<dict>
			<key>baseConfigurationReference</key>
			<string>1F1CACDDC642B424FCE8651D</string>
			<key>buildSettings</key>
			<dict>
				<key>ASSETCATALOG_COMPILER_APPICON_NAME</key>
				<string>AppIcon</string>
				<key>INFOPLIST_FILE</key>
				<string>Imagine/Info.plist</string>
				<key>LD_RUNPATH_SEARCH_PATHS</key>
				<string>$(inherited) @executable_path/Frameworks</string>
				<key>PRODUCT_BUNDLE_IDENTIFIER</key>
				<string>com.56ideas.Imagine</string>
				<key>PRODUCT_NAME</key>
				<string>$(TARGET_NAME)</string>
			</dict>
			<key>isa</key>
			<string>XCBuildConfiguration</string>
			<key>name</key>
			<string>Debug</string>
		</dict>
		<key>CCFFE9A41D39CD6600515A24</key>
		<dict>
			<key>baseConfigurationReference</key>
			<string>A9996899B31AF726BA925AD6</string>
			<key>buildSettings</key>
			<dict>
				<key>ASSETCATALOG_COMPILER_APPICON_NAME</key>
				<string>AppIcon</string>
				<key>INFOPLIST_FILE</key>
				<string>Imagine/Info.plist</string>
				<key>LD_RUNPATH_SEARCH_PATHS</key>
				<string>$(inherited) @executable_path/Frameworks</string>
				<key>PRODUCT_BUNDLE_IDENTIFIER</key>
				<string>com.56ideas.Imagine</string>
				<key>PRODUCT_NAME</key>
				<string>$(TARGET_NAME)</string>
			</dict>
			<key>isa</key>
			<string>XCBuildConfiguration</string>
			<key>name</key>
			<string>Release</string>
		</dict>
		<key>CCFFE9A51D39CD6600515A24</key>
		<dict>
			<key>buildConfigurations</key>
			<array>
				<string>CCFFE9A61D39CD6600515A24</string>
				<string>CCFFE9A71D39CD6600515A24</string>
			</array>
			<key>defaultConfigurationIsVisible</key>
			<string>0</string>
			<key>defaultConfigurationName</key>
			<string>Release</string>
			<key>isa</key>
			<string>XCConfigurationList</string>
		</dict>
		<key>CCFFE9A61D39CD6600515A24</key>
		<dict>
			<key>baseConfigurationReference</key>
			<string>A4C60AC0780ACAD7CE3A030B</string>
			<key>buildSettings</key>
			<dict>
				<key>BUNDLE_LOADER</key>
				<string>$(TEST_HOST)</string>
				<key>INFOPLIST_FILE</key>
				<string>ImagineTests/Info.plist</string>
				<key>LD_RUNPATH_SEARCH_PATHS</key>
				<string>$(inherited) @executable_path/Frameworks @loader_path/Frameworks</string>
				<key>PRODUCT_BUNDLE_IDENTIFIER</key>
				<string>com.56ideas.ImagineTests</string>
				<key>PRODUCT_NAME</key>
				<string>$(TARGET_NAME)</string>
				<key>TEST_HOST</key>
				<string>$(BUILT_PRODUCTS_DIR)/Imagine.app/Imagine</string>
			</dict>
			<key>isa</key>
			<string>XCBuildConfiguration</string>
			<key>name</key>
			<string>Debug</string>
		</dict>
		<key>CCFFE9A71D39CD6600515A24</key>
		<dict>
			<key>baseConfigurationReference</key>
			<string>AD06A65E25A774EEC563B8B6</string>
			<key>buildSettings</key>
			<dict>
				<key>BUNDLE_LOADER</key>
				<string>$(TEST_HOST)</string>
				<key>INFOPLIST_FILE</key>
				<string>ImagineTests/Info.plist</string>
				<key>LD_RUNPATH_SEARCH_PATHS</key>
				<string>$(inherited) @executable_path/Frameworks @loader_path/Frameworks</string>
				<key>PRODUCT_BUNDLE_IDENTIFIER</key>
				<string>com.56ideas.ImagineTests</string>
				<key>PRODUCT_NAME</key>
				<string>$(TARGET_NAME)</string>
				<key>TEST_HOST</key>
				<string>$(BUILT_PRODUCTS_DIR)/Imagine.app/Imagine</string>
			</dict>
			<key>isa</key>
			<string>XCBuildConfiguration</string>
			<key>name</key>
			<string>Release</string>
		</dict>
		<key>CCFFE9A81D39CD6600515A24</key>
		<dict>
			<key>buildConfigurations</key>
			<array>
				<string>CCFFE9A91D39CD6600515A24</string>
				<string>CCFFE9AA1D39CD6600515A24</string>
			</array>
			<key>defaultConfigurationIsVisible</key>
			<string>0</string>
			<key>defaultConfigurationName</key>
			<string>Release</string>
			<key>isa</key>
			<string>XCConfigurationList</string>
		</dict>
		<key>CCFFE9A91D39CD6600515A24</key>
		<dict>
			<key>buildSettings</key>
			<dict>
				<key>INFOPLIST_FILE</key>
				<string>ImagineUITests/Info.plist</string>
				<key>LD_RUNPATH_SEARCH_PATHS</key>
				<string>$(inherited) @executable_path/Frameworks @loader_path/Frameworks</string>
				<key>PRODUCT_BUNDLE_IDENTIFIER</key>
				<string>com.56ideas.ImagineUITests</string>
				<key>PRODUCT_NAME</key>
				<string>$(TARGET_NAME)</string>
				<key>TEST_TARGET_NAME</key>
				<string>Imagine</string>
			</dict>
			<key>isa</key>
			<string>XCBuildConfiguration</string>
			<key>name</key>
			<string>Debug</string>
		</dict>
		<key>CCFFE9AA1D39CD6600515A24</key>
		<dict>
			<key>buildSettings</key>
			<dict>
				<key>INFOPLIST_FILE</key>
				<string>ImagineUITests/Info.plist</string>
				<key>LD_RUNPATH_SEARCH_PATHS</key>
				<string>$(inherited) @executable_path/Frameworks @loader_path/Frameworks</string>
				<key>PRODUCT_BUNDLE_IDENTIFIER</key>
				<string>com.56ideas.ImagineUITests</string>
				<key>PRODUCT_NAME</key>
				<string>$(TARGET_NAME)</string>
				<key>TEST_TARGET_NAME</key>
				<string>Imagine</string>
			</dict>
			<key>isa</key>
			<string>XCBuildConfiguration</string>
			<key>name</key>
			<string>Release</string>
		</dict>
		<key>CCFFE9AB1D39CE1700515A24</key>
		<dict>
			<key>children</key>
			<array>
				<string>CC02CED21D3A412B0098B333</string>
				<string>CCFFE9861D39CD6600515A24</string>
				<string>CCFFE97D1D39CD6600515A24</string>
				<string>CCFFE9891D39CD6600515A24</string>
			</array>
			<key>isa</key>
			<string>PBXGroup</string>
			<key>name</key>
			<string>supporting</string>
			<key>sourceTree</key>
			<string>&lt;group&gt;</string>
		</dict>
		<key>CCFFE9AC1D39CE4A00515A24</key>
		<dict>
			<key>fileEncoding</key>
			<string>4</string>
			<key>isa</key>
			<string>PBXFileReference</string>
			<key>lastKnownFileType</key>
			<string>sourcecode.swift</string>
			<key>path</key>
			<string>OLoginViewController.swift</string>
			<key>sourceTree</key>
			<string>&lt;group&gt;</string>
		</dict>
		<key>CCFFE9AD1D39CE4A00515A24</key>
		<dict>
			<key>fileRef</key>
			<string>CCFFE9AC1D39CE4A00515A24</string>
			<key>isa</key>
			<string>PBXBuildFile</string>
		</dict>
		<key>CCFFE9AE1D39CE6600515A24</key>
		<dict>
			<key>children</key>
			<array>
				<string>CCFFE9AC1D39CE4A00515A24</string>
				<string>CCFFE97F1D39CD6600515A24</string>
				<string>CCDC96E21D3E204A0078CBA2</string>
				<string>CCFEEA2E1D467A9500C5CC4D</string>
			</array>
			<key>isa</key>
			<string>PBXGroup</string>
			<key>name</key>
			<string>controllers</string>
			<key>sourceTree</key>
			<string>&lt;group&gt;</string>
		</dict>
		<key>CCFFE9B21D39D30900515A24</key>
		<dict>
			<key>children</key>
			<array>
				<string>CCFEEA361D47AE8C00C5CC4D</string>
				<string>CCFEEA291D43645700C5CC4D</string>
				<string>CC71A0BB1D3FAD4E00C85D48</string>
				<string>CCFFE9B31D39D33300515A24</string>
				<string>CC71A0B91D3FABBA00C85D48</string>
			</array>
			<key>isa</key>
			<string>PBXGroup</string>
			<key>name</key>
			<string>views</string>
			<key>sourceTree</key>
			<string>&lt;group&gt;</string>
		</dict>
		<key>CCFFE9B31D39D33300515A24</key>
		<dict>
			<key>fileEncoding</key>
			<string>4</string>
			<key>isa</key>
			<string>PBXFileReference</string>
			<key>lastKnownFileType</key>
			<string>sourcecode.swift</string>
			<key>path</key>
			<string>OPaddedTextField.swift</string>
			<key>sourceTree</key>
			<string>&lt;group&gt;</string>
		</dict>
		<key>CCFFE9B41D39D33300515A24</key>
		<dict>
			<key>fileRef</key>
			<string>CCFFE9B31D39D33300515A24</string>
			<key>isa</key>
			<string>PBXBuildFile</string>
		</dict>
		<key>EC3FA4813B1483EC6244D970</key>
		<dict>
			<key>children</key>
			<array>
				<string>8799D06AFC85A22713155BB1</string>
				<string>4D457CC2279CABE992924AAE</string>
			</array>
			<key>isa</key>
			<string>PBXGroup</string>
			<key>name</key>
			<string>Frameworks</string>
			<key>sourceTree</key>
			<string>&lt;group&gt;</string>
		</dict>
		<key>F3644A524FC906B3D5E5FCCC</key>
		<dict>
			<key>buildActionMask</key>
			<string>2147483647</string>
			<key>files</key>
			<array/>
			<key>inputPaths</key>
			<array/>
			<key>isa</key>
			<string>PBXShellScriptBuildPhase</string>
			<key>name</key>
			<string>Check Pods Manifest.lock</string>
			<key>outputPaths</key>
			<array/>
			<key>runOnlyForDeploymentPostprocessing</key>
			<string>0</string>
			<key>shellPath</key>
			<string>/bin/sh</string>
			<key>shellScript</key>
			<string>diff "${PODS_ROOT}/../Podfile.lock" "${PODS_ROOT}/Manifest.lock" &gt; /dev/null
if [[ $? != 0 ]] ; then
    cat &lt;&lt; EOM
error: The sandbox is not in sync with the Podfile.lock. Run 'pod install' or update your CocoaPods installation.
EOM
    exit 1
fi
</string>
			<key>showEnvVarsInLog</key>
			<string>0</string>
		</dict>
		<key>F40CA875EFCBFECD20FB8650</key>
		<dict>
			<key>fileRef</key>
			<string>8799D06AFC85A22713155BB1</string>
			<key>isa</key>
			<string>PBXBuildFile</string>
		</dict>
	</dict>
	<key>rootObject</key>
	<string>CCFFE9721D39CD6600515A24</string>
</dict>
</plist>
