// !$*UTF8*$!
{
	archiveVersion = 1;
	classes = {
	};
	objectVersion = 46;
	objects = {

/* Begin PBXBuildFile section */
		85E6A55B75C4EAFC1B6C907B /* Pods_ImagineTests.framework in Frameworks */ = {isa = PBXBuildFile; fileRef = 4D457CC2279CABE992924AAE /* Pods_ImagineTests.framework */; };
		CC02CED41D3A414E0098B333 /* rain.mp3 in Resources */ = {isa = PBXBuildFile; fileRef = CC02CED31D3A414E0098B333 /* rain.mp3 */; };
		CC0428301D4ED15F005457A8 /* OStoryFactory.swift in Sources */ = {isa = PBXBuildFile; fileRef = CC04282F1D4ED15F005457A8 /* OStoryFactory.swift */; };
		CC19D4491D3CE03300BE3E2D /* OUser.swift in Sources */ = {isa = PBXBuildFile; fileRef = CC19D4481D3CE03300BE3E2D /* OUser.swift */; };
		CC19D44B1D3CF3AF00BE3E2D /* OExtenstions.swift in Sources */ = {isa = PBXBuildFile; fileRef = CC19D44A1D3CF3AF00BE3E2D /* OExtenstions.swift */; };
		CC52603F1D3C5672008C4F38 /* OStoryCard.swift in Sources */ = {isa = PBXBuildFile; fileRef = CC52603E1D3C5672008C4F38 /* OStoryCard.swift */; };
		CC5260421D3C56F6008C4F38 /* OStoryCardFactory.swift in Sources */ = {isa = PBXBuildFile; fileRef = CC5260411D3C56F6008C4F38 /* OStoryCardFactory.swift */; };
		CC5260461D3CA7A3008C4F38 /* OConstants.swift in Sources */ = {isa = PBXBuildFile; fileRef = CC5260451D3CA7A3008C4F38 /* OConstants.swift */; };
		CC5260481D3CDC21008C4F38 /* OStoryGrid.swift in Sources */ = {isa = PBXBuildFile; fileRef = CC5260471D3CDC21008C4F38 /* OStoryGrid.swift */; };
		CC6AECD11D5A5FEF00C1FC53 /* CircleLayer.swift in Sources */ = {isa = PBXBuildFile; fileRef = CC6AECD01D5A5FEF00C1FC53 /* CircleLayer.swift */; };
		CC6AECD31D5A62F400C1FC53 /* Strip.swift in Sources */ = {isa = PBXBuildFile; fileRef = CC6AECD21D5A62F400C1FC53 /* Strip.swift */; };
		CC6AECD51D5A67E800C1FC53 /* RectangleLayer.swift in Sources */ = {isa = PBXBuildFile; fileRef = CC6AECD41D5A67E800C1FC53 /* RectangleLayer.swift */; };
		CC71A0BA1D3FABBA00C85D48 /* OWindow.swift in Sources */ = {isa = PBXBuildFile; fileRef = CC71A0B91D3FABBA00C85D48 /* OWindow.swift */; };
		CC71A0BC1D3FAD4E00C85D48 /* OStoryGridTableViewCell.swift in Sources */ = {isa = PBXBuildFile; fileRef = CC71A0BB1D3FAD4E00C85D48 /* OStoryGridTableViewCell.swift */; };
		CC71A0BF1D3FD0D000C85D48 /* OStoryPosterPresentationProtocol.swift in Sources */ = {isa = PBXBuildFile; fileRef = CC71A0BE1D3FD0D000C85D48 /* OStoryPosterPresentationProtocol.swift */; };
		CC71A0C21D3FE7A200C85D48 /* CardExpandAnimator.swift in Sources */ = {isa = PBXBuildFile; fileRef = CC71A0C11D3FE7A200C85D48 /* CardExpandAnimator.swift */; };
		CCAD27141D5CBFAA00A3CC19 /* OnboardDialog.swift in Sources */ = {isa = PBXBuildFile; fileRef = CCAD27131D5CBFAA00A3CC19 /* OnboardDialog.swift */; };
		CCB87C901D40EC7000F4DE87 /* CardShrinkAnimator.swift in Sources */ = {isa = PBXBuildFile; fileRef = CCB87C8F1D40EC7000F4DE87 /* CardShrinkAnimator.swift */; };
		CCB87C931D410DD200F4DE87 /* PercentInteractor.swift in Sources */ = {isa = PBXBuildFile; fileRef = CCB87C921D410DD200F4DE87 /* PercentInteractor.swift */; };
		CCCA14B31D5D1BBD00FE31A9 /* HighlightView.swift in Sources */ = {isa = PBXBuildFile; fileRef = CCCA14B21D5D1BBD00FE31A9 /* HighlightView.swift */; };
		CCCA14B51D5D2B6E00FE31A9 /* Assets.xcassets in Resources */ = {isa = PBXBuildFile; fileRef = CCCA14B41D5D2B6E00FE31A9 /* Assets.xcassets */; };
		CCCF761E1D594671009F4DBA /* OStoryContentTableViewCell.swift in Sources */ = {isa = PBXBuildFile; fileRef = CCCF761D1D594671009F4DBA /* OStoryContentTableViewCell.swift */; };
		CCCF76201D597902009F4DBA /* OStoryContentCellFactory.swift in Sources */ = {isa = PBXBuildFile; fileRef = CCCF761F1D597902009F4DBA /* OStoryContentCellFactory.swift */; };
		CCDC96E31D3E204A0078CBA2 /* OStoryPosterViewController.swift in Sources */ = {isa = PBXBuildFile; fileRef = CCDC96E21D3E204A0078CBA2 /* OStoryPosterViewController.swift */; };
		CCE4CB801D53AB3800FCC6BF /* LiquidButton.swift in Sources */ = {isa = PBXBuildFile; fileRef = CCE4CB7F1D53AB3800FCC6BF /* LiquidButton.swift */; };
		CCFCA5E51D3B4CD900050B81 /* OUtils.swift in Sources */ = {isa = PBXBuildFile; fileRef = CCFCA5E41D3B4CD900050B81 /* OUtils.swift */; };
		CCFEEA271D425B3300C5CC4D /* OStory.swift in Sources */ = {isa = PBXBuildFile; fileRef = CCFEEA261D425B3300C5CC4D /* OStory.swift */; };
		CCFEEA2B1D43646500C5CC4D /* OvalLayer.swift in Sources */ = {isa = PBXBuildFile; fileRef = CCFEEA2A1D43646500C5CC4D /* OvalLayer.swift */; };
		CCFEEA2D1D43866600C5CC4D /* Loader.swift in Sources */ = {isa = PBXBuildFile; fileRef = CCFEEA2C1D43866600C5CC4D /* Loader.swift */; };
		CCFEEA2F1D467A9500C5CC4D /* OStoryContainerViewController.swift in Sources */ = {isa = PBXBuildFile; fileRef = CCFEEA2E1D467A9500C5CC4D /* OStoryContainerViewController.swift */; };
		CCFEEA331D4684A400C5CC4D /* PullUpAnimator.swift in Sources */ = {isa = PBXBuildFile; fileRef = CCFEEA321D4684A400C5CC4D /* PullUpAnimator.swift */; };
		CCFEEA351D46874E00C5CC4D /* PullDownAnimator.swift in Sources */ = {isa = PBXBuildFile; fileRef = CCFEEA341D46874E00C5CC4D /* PullDownAnimator.swift */; };
		CCFFE97E1D39CD6600515A24 /* AppDelegate.swift in Sources */ = {isa = PBXBuildFile; fileRef = CCFFE97D1D39CD6600515A24 /* AppDelegate.swift */; };
		CCFFE9801D39CD6600515A24 /* OStoryGridViewController.swift in Sources */ = {isa = PBXBuildFile; fileRef = CCFFE97F1D39CD6600515A24 /* OStoryGridViewController.swift */; };
		CCFFE9831D39CD6600515A24 /* Main.storyboard in Resources */ = {isa = PBXBuildFile; fileRef = CCFFE9811D39CD6600515A24 /* Main.storyboard */; };
		CCFFE9881D39CD6600515A24 /* LaunchScreen.storyboard in Resources */ = {isa = PBXBuildFile; fileRef = CCFFE9861D39CD6600515A24 /* LaunchScreen.storyboard */; };
		CCFFE9931D39CD6600515A24 /* ImagineTests.swift in Sources */ = {isa = PBXBuildFile; fileRef = CCFFE9921D39CD6600515A24 /* ImagineTests.swift */; };
		CCFFE99E1D39CD6600515A24 /* ImagineUITests.swift in Sources */ = {isa = PBXBuildFile; fileRef = CCFFE99D1D39CD6600515A24 /* ImagineUITests.swift */; };
		CCFFE9AD1D39CE4A00515A24 /* OLoginViewController.swift in Sources */ = {isa = PBXBuildFile; fileRef = CCFFE9AC1D39CE4A00515A24 /* OLoginViewController.swift */; };
		CCFFE9B41D39D33300515A24 /* OPaddedTextField.swift in Sources */ = {isa = PBXBuildFile; fileRef = CCFFE9B31D39D33300515A24 /* OPaddedTextField.swift */; };
		F40CA875EFCBFECD20FB8650 /* Pods_Imagine.framework in Frameworks */ = {isa = PBXBuildFile; fileRef = 8799D06AFC85A22713155BB1 /* Pods_Imagine.framework */; };
/* End PBXBuildFile section */

/* Begin PBXContainerItemProxy section */
		CCFFE98F1D39CD6600515A24 /* PBXContainerItemProxy */ = {
			isa = PBXContainerItemProxy;
			containerPortal = CCFFE9721D39CD6600515A24 /* Project object */;
			proxyType = 1;
			remoteGlobalIDString = CCFFE9791D39CD6600515A24;
			remoteInfo = Imagine;
		};
		CCFFE99A1D39CD6600515A24 /* PBXContainerItemProxy */ = {
			isa = PBXContainerItemProxy;
			containerPortal = CCFFE9721D39CD6600515A24 /* Project object */;
			proxyType = 1;
			remoteGlobalIDString = CCFFE9791D39CD6600515A24;
			remoteInfo = Imagine;
		};
/* End PBXContainerItemProxy section */

/* Begin PBXFileReference section */
		1F1CACDDC642B424FCE8651D /* Pods-Imagine.debug.xcconfig */ = {isa = PBXFileReference; includeInIndex = 1; lastKnownFileType = text.xcconfig; name = "Pods-Imagine.debug.xcconfig"; path = "Pods/Target Support Files/Pods-Imagine/Pods-Imagine.debug.xcconfig"; sourceTree = "<group>"; };
		4D457CC2279CABE992924AAE /* Pods_ImagineTests.framework */ = {isa = PBXFileReference; explicitFileType = wrapper.framework; includeInIndex = 0; path = Pods_ImagineTests.framework; sourceTree = BUILT_PRODUCTS_DIR; };
		8799D06AFC85A22713155BB1 /* Pods_Imagine.framework */ = {isa = PBXFileReference; explicitFileType = wrapper.framework; includeInIndex = 0; path = Pods_Imagine.framework; sourceTree = BUILT_PRODUCTS_DIR; };
		A4C60AC0780ACAD7CE3A030B /* Pods-ImagineTests.debug.xcconfig */ = {isa = PBXFileReference; includeInIndex = 1; lastKnownFileType = text.xcconfig; name = "Pods-ImagineTests.debug.xcconfig"; path = "Pods/Target Support Files/Pods-ImagineTests/Pods-ImagineTests.debug.xcconfig"; sourceTree = "<group>"; };
		A9996899B31AF726BA925AD6 /* Pods-Imagine.release.xcconfig */ = {isa = PBXFileReference; includeInIndex = 1; lastKnownFileType = text.xcconfig; name = "Pods-Imagine.release.xcconfig"; path = "Pods/Target Support Files/Pods-Imagine/Pods-Imagine.release.xcconfig"; sourceTree = "<group>"; };
		AD06A65E25A774EEC563B8B6 /* Pods-ImagineTests.release.xcconfig */ = {isa = PBXFileReference; includeInIndex = 1; lastKnownFileType = text.xcconfig; name = "Pods-ImagineTests.release.xcconfig"; path = "Pods/Target Support Files/Pods-ImagineTests/Pods-ImagineTests.release.xcconfig"; sourceTree = "<group>"; };
		CC02CED31D3A414E0098B333 /* rain.mp3 */ = {isa = PBXFileReference; lastKnownFileType = audio.mp3; path = rain.mp3; sourceTree = "<group>"; };
		CC04282F1D4ED15F005457A8 /* OStoryFactory.swift */ = {isa = PBXFileReference; fileEncoding = 4; lastKnownFileType = sourcecode.swift; path = OStoryFactory.swift; sourceTree = "<group>"; };
		CC19D4481D3CE03300BE3E2D /* OUser.swift */ = {isa = PBXFileReference; fileEncoding = 4; lastKnownFileType = sourcecode.swift; path = OUser.swift; sourceTree = "<group>"; };
		CC19D44A1D3CF3AF00BE3E2D /* OExtenstions.swift */ = {isa = PBXFileReference; fileEncoding = 4; lastKnownFileType = sourcecode.swift; name = OExtenstions.swift; path = ../OExtenstions.swift; sourceTree = "<group>"; };
		CC52603E1D3C5672008C4F38 /* OStoryCard.swift */ = {isa = PBXFileReference; fileEncoding = 4; lastKnownFileType = sourcecode.swift; path = OStoryCard.swift; sourceTree = "<group>"; };
		CC5260411D3C56F6008C4F38 /* OStoryCardFactory.swift */ = {isa = PBXFileReference; fileEncoding = 4; lastKnownFileType = sourcecode.swift; path = OStoryCardFactory.swift; sourceTree = "<group>"; };
		CC5260451D3CA7A3008C4F38 /* OConstants.swift */ = {isa = PBXFileReference; fileEncoding = 4; lastKnownFileType = sourcecode.swift; path = OConstants.swift; sourceTree = "<group>"; };
		CC5260471D3CDC21008C4F38 /* OStoryGrid.swift */ = {isa = PBXFileReference; fileEncoding = 4; lastKnownFileType = sourcecode.swift; path = OStoryGrid.swift; sourceTree = "<group>"; };
		CC6AECD01D5A5FEF00C1FC53 /* CircleLayer.swift */ = {isa = PBXFileReference; fileEncoding = 4; lastKnownFileType = sourcecode.swift; path = CircleLayer.swift; sourceTree = "<group>"; };
		CC6AECD21D5A62F400C1FC53 /* Strip.swift */ = {isa = PBXFileReference; fileEncoding = 4; lastKnownFileType = sourcecode.swift; path = Strip.swift; sourceTree = "<group>"; };
		CC6AECD41D5A67E800C1FC53 /* RectangleLayer.swift */ = {isa = PBXFileReference; fileEncoding = 4; lastKnownFileType = sourcecode.swift; path = RectangleLayer.swift; sourceTree = "<group>"; };
		CC71A0B91D3FABBA00C85D48 /* OWindow.swift */ = {isa = PBXFileReference; fileEncoding = 4; lastKnownFileType = sourcecode.swift; path = OWindow.swift; sourceTree = "<group>"; };
		CC71A0BB1D3FAD4E00C85D48 /* OStoryGridTableViewCell.swift */ = {isa = PBXFileReference; fileEncoding = 4; lastKnownFileType = sourcecode.swift; path = OStoryGridTableViewCell.swift; sourceTree = "<group>"; };
		CC71A0BE1D3FD0D000C85D48 /* OStoryPosterPresentationProtocol.swift */ = {isa = PBXFileReference; fileEncoding = 4; lastKnownFileType = sourcecode.swift; path = OStoryPosterPresentationProtocol.swift; sourceTree = "<group>"; };
		CC71A0C11D3FE7A200C85D48 /* CardExpandAnimator.swift */ = {isa = PBXFileReference; fileEncoding = 4; lastKnownFileType = sourcecode.swift; path = CardExpandAnimator.swift; sourceTree = "<group>"; };
		CCAD27131D5CBFAA00A3CC19 /* OnboardDialog.swift */ = {isa = PBXFileReference; fileEncoding = 4; lastKnownFileType = sourcecode.swift; path = OnboardDialog.swift; sourceTree = "<group>"; };
		CCB87C8F1D40EC7000F4DE87 /* CardShrinkAnimator.swift */ = {isa = PBXFileReference; fileEncoding = 4; lastKnownFileType = sourcecode.swift; path = CardShrinkAnimator.swift; sourceTree = "<group>"; };
		CCB87C921D410DD200F4DE87 /* PercentInteractor.swift */ = {isa = PBXFileReference; fileEncoding = 4; lastKnownFileType = sourcecode.swift; path = PercentInteractor.swift; sourceTree = "<group>"; };
		CCCA14B21D5D1BBD00FE31A9 /* HighlightView.swift */ = {isa = PBXFileReference; fileEncoding = 4; lastKnownFileType = sourcecode.swift; path = HighlightView.swift; sourceTree = "<group>"; };
		CCCA14B41D5D2B6E00FE31A9 /* Assets.xcassets */ = {isa = PBXFileReference; lastKnownFileType = folder.assetcatalog; path = Assets.xcassets; sourceTree = "<group>"; };
		CCCF761D1D594671009F4DBA /* OStoryContentTableViewCell.swift */ = {isa = PBXFileReference; fileEncoding = 4; lastKnownFileType = sourcecode.swift; path = OStoryContentTableViewCell.swift; sourceTree = "<group>"; };
		CCCF761F1D597902009F4DBA /* OStoryContentCellFactory.swift */ = {isa = PBXFileReference; fileEncoding = 4; lastKnownFileType = sourcecode.swift; path = OStoryContentCellFactory.swift; sourceTree = "<group>"; };
		CCDC96E21D3E204A0078CBA2 /* OStoryPosterViewController.swift */ = {isa = PBXFileReference; fileEncoding = 4; lastKnownFileType = sourcecode.swift; path = OStoryPosterViewController.swift; sourceTree = "<group>"; };
		CCE4CB7F1D53AB3800FCC6BF /* LiquidButton.swift */ = {isa = PBXFileReference; fileEncoding = 4; lastKnownFileType = sourcecode.swift; path = LiquidButton.swift; sourceTree = "<group>"; };
		CCFCA5E41D3B4CD900050B81 /* OUtils.swift */ = {isa = PBXFileReference; fileEncoding = 4; lastKnownFileType = sourcecode.swift; path = OUtils.swift; sourceTree = "<group>"; };
		CCFEEA261D425B3300C5CC4D /* OStory.swift */ = {isa = PBXFileReference; fileEncoding = 4; lastKnownFileType = sourcecode.swift; path = OStory.swift; sourceTree = "<group>"; };
		CCFEEA2A1D43646500C5CC4D /* OvalLayer.swift */ = {isa = PBXFileReference; fileEncoding = 4; lastKnownFileType = sourcecode.swift; path = OvalLayer.swift; sourceTree = "<group>"; };
		CCFEEA2C1D43866600C5CC4D /* Loader.swift */ = {isa = PBXFileReference; fileEncoding = 4; lastKnownFileType = sourcecode.swift; path = Loader.swift; sourceTree = "<group>"; };
		CCFEEA2E1D467A9500C5CC4D /* OStoryContainerViewController.swift */ = {isa = PBXFileReference; fileEncoding = 4; lastKnownFileType = sourcecode.swift; path = OStoryContainerViewController.swift; sourceTree = "<group>"; };
		CCFEEA321D4684A400C5CC4D /* PullUpAnimator.swift */ = {isa = PBXFileReference; fileEncoding = 4; lastKnownFileType = sourcecode.swift; path = PullUpAnimator.swift; sourceTree = "<group>"; };
		CCFEEA341D46874E00C5CC4D /* PullDownAnimator.swift */ = {isa = PBXFileReference; fileEncoding = 4; lastKnownFileType = sourcecode.swift; path = PullDownAnimator.swift; sourceTree = "<group>"; };
		CCFFE97A1D39CD6600515A24 /* Imagine.app */ = {isa = PBXFileReference; explicitFileType = wrapper.application; includeInIndex = 0; path = Imagine.app; sourceTree = BUILT_PRODUCTS_DIR; };
		CCFFE97D1D39CD6600515A24 /* AppDelegate.swift */ = {isa = PBXFileReference; lastKnownFileType = sourcecode.swift; name = AppDelegate.swift; path = Imagine/AppDelegate.swift; sourceTree = "<group>"; };
		CCFFE97F1D39CD6600515A24 /* OStoryGridViewController.swift */ = {isa = PBXFileReference; lastKnownFileType = sourcecode.swift; path = OStoryGridViewController.swift; sourceTree = "<group>"; };
		CCFFE9821D39CD6600515A24 /* Base */ = {isa = PBXFileReference; lastKnownFileType = file.storyboard; name = Base; path = Base.lproj/Main.storyboard; sourceTree = "<group>"; };
		CCFFE9871D39CD6600515A24 /* Base */ = {isa = PBXFileReference; lastKnownFileType = file.storyboard; name = Base; path = Base.lproj/LaunchScreen.storyboard; sourceTree = "<group>"; };
		CCFFE9891D39CD6600515A24 /* Info.plist */ = {isa = PBXFileReference; lastKnownFileType = text.plist.xml; name = Info.plist; path = Imagine/Info.plist; sourceTree = "<group>"; };
		CCFFE98E1D39CD6600515A24 /* ImagineTests.xctest */ = {isa = PBXFileReference; explicitFileType = wrapper.cfbundle; includeInIndex = 0; path = ImagineTests.xctest; sourceTree = BUILT_PRODUCTS_DIR; };
		CCFFE9921D39CD6600515A24 /* ImagineTests.swift */ = {isa = PBXFileReference; lastKnownFileType = sourcecode.swift; path = ImagineTests.swift; sourceTree = "<group>"; };
		CCFFE9941D39CD6600515A24 /* Info.plist */ = {isa = PBXFileReference; lastKnownFileType = text.plist.xml; path = Info.plist; sourceTree = "<group>"; };
		CCFFE9991D39CD6600515A24 /* ImagineUITests.xctest */ = {isa = PBXFileReference; explicitFileType = wrapper.cfbundle; includeInIndex = 0; path = ImagineUITests.xctest; sourceTree = BUILT_PRODUCTS_DIR; };
		CCFFE99D1D39CD6600515A24 /* ImagineUITests.swift */ = {isa = PBXFileReference; lastKnownFileType = sourcecode.swift; path = ImagineUITests.swift; sourceTree = "<group>"; };
		CCFFE99F1D39CD6600515A24 /* Info.plist */ = {isa = PBXFileReference; lastKnownFileType = text.plist.xml; path = Info.plist; sourceTree = "<group>"; };
		CCFFE9AC1D39CE4A00515A24 /* OLoginViewController.swift */ = {isa = PBXFileReference; fileEncoding = 4; lastKnownFileType = sourcecode.swift; path = OLoginViewController.swift; sourceTree = "<group>"; };
		CCFFE9B31D39D33300515A24 /* OPaddedTextField.swift */ = {isa = PBXFileReference; fileEncoding = 4; lastKnownFileType = sourcecode.swift; path = OPaddedTextField.swift; sourceTree = "<group>"; };
/* End PBXFileReference section */

/* Begin PBXFrameworksBuildPhase section */
		CCFFE9771D39CD6600515A24 /* Frameworks */ = {
			isa = PBXFrameworksBuildPhase;
			buildActionMask = 2147483647;
			files = (
				F40CA875EFCBFECD20FB8650 /* Pods_Imagine.framework in Frameworks */,
			);
			runOnlyForDeploymentPostprocessing = 0;
		};
		CCFFE98B1D39CD6600515A24 /* Frameworks */ = {
			isa = PBXFrameworksBuildPhase;
			buildActionMask = 2147483647;
			files = (
				85E6A55B75C4EAFC1B6C907B /* Pods_ImagineTests.framework in Frameworks */,
			);
			runOnlyForDeploymentPostprocessing = 0;
		};
		CCFFE9961D39CD6600515A24 /* Frameworks */ = {
			isa = PBXFrameworksBuildPhase;
			buildActionMask = 2147483647;
			files = (
			);
			runOnlyForDeploymentPostprocessing = 0;
		};
/* End PBXFrameworksBuildPhase section */

/* Begin PBXGroup section */
		9D2494E9DE6D8489E5A3AD58 /* Pods */ = {
			isa = PBXGroup;
			children = (
				1F1CACDDC642B424FCE8651D /* Pods-Imagine.debug.xcconfig */,
				A9996899B31AF726BA925AD6 /* Pods-Imagine.release.xcconfig */,
				A4C60AC0780ACAD7CE3A030B /* Pods-ImagineTests.debug.xcconfig */,
				AD06A65E25A774EEC563B8B6 /* Pods-ImagineTests.release.xcconfig */,
			);
			name = Pods;
			sourceTree = "<group>";
		};
		CC02CED21D3A412B0098B333 /* sounds */ = {
			isa = PBXGroup;
			children = (
				CC02CED31D3A414E0098B333 /* rain.mp3 */,
			);
			name = sounds;
			sourceTree = "<group>";
		};
		CC19D44C1D3CF3E500BE3E2D /* constants */ = {
			isa = PBXGroup;
			children = (
				CC5260451D3CA7A3008C4F38 /* OConstants.swift */,
			);
			name = constants;
			path = ..;
			sourceTree = "<group>";
		};
		CC52603D1D3C565F008C4F38 /* models */ = {
			isa = PBXGroup;
			children = (
				CCFEEA281D425B5300C5CC4D /* structs */,
				CC5260401D3C56BF008C4F38 /* stores */,
				CC5260471D3CDC21008C4F38 /* OStoryGrid.swift */,
				CC19D4481D3CE03300BE3E2D /* OUser.swift */,
			);
			name = models;
			sourceTree = "<group>";
		};
		CC5260401D3C56BF008C4F38 /* stores */ = {
			isa = PBXGroup;
			children = (
				CC04282F1D4ED15F005457A8 /* OStoryFactory.swift */,
				CC5260411D3C56F6008C4F38 /* OStoryCardFactory.swift */,
				CCCF761F1D597902009F4DBA /* OStoryContentCellFactory.swift */,
			);
			name = stores;
			sourceTree = "<group>";
		};
		CC59FEDB1D59B302006AC568 /* cells */ = {
			isa = PBXGroup;
			children = (
				CCCF761D1D594671009F4DBA /* OStoryContentTableViewCell.swift */,
				CC71A0BB1D3FAD4E00C85D48 /* OStoryGridTableViewCell.swift */,
			);
			name = cells;
			sourceTree = "<group>";
		};
		CC6AECCF1D5A5FD100C1FC53 /* strip */ = {
			isa = PBXGroup;
			children = (
				CC6AECD01D5A5FEF00C1FC53 /* CircleLayer.swift */,
				CC6AECD21D5A62F400C1FC53 /* Strip.swift */,
				CC6AECD41D5A67E800C1FC53 /* RectangleLayer.swift */,
			);
			name = strip;
			sourceTree = "<group>";
		};
		CC71A0BD1D3FD09B00C85D48 /* protocols */ = {
			isa = PBXGroup;
			children = (
				CC71A0BE1D3FD0D000C85D48 /* OStoryPosterPresentationProtocol.swift */,
			);
			name = protocols;
			sourceTree = "<group>";
		};
		CC71A0C01D3FE74B00C85D48 /* animators */ = {
			isa = PBXGroup;
			children = (
				CC71A0C11D3FE7A200C85D48 /* CardExpandAnimator.swift */,
				CCB87C8F1D40EC7000F4DE87 /* CardShrinkAnimator.swift */,
				CCFEEA321D4684A400C5CC4D /* PullUpAnimator.swift */,
				CCFEEA341D46874E00C5CC4D /* PullDownAnimator.swift */,
			);
			name = animators;
			sourceTree = "<group>";
		};
		CCAD27101D5CBF3E00A3CC19 /* onboard_dialog */ = {
			isa = PBXGroup;
			children = (
				CCAD27131D5CBFAA00A3CC19 /* OnboardDialog.swift */,
				CCCA14B21D5D1BBD00FE31A9 /* HighlightView.swift */,
			);
			name = onboard_dialog;
			sourceTree = "<group>";
		};
		CCAD27111D5CBF5B00A3CC19 /* core_elements */ = {
			isa = PBXGroup;
			children = (
				CC59FEDB1D59B302006AC568 /* cells */,
				CC71A0B91D3FABBA00C85D48 /* OWindow.swift */,
			);
			name = core_elements;
			sourceTree = "<group>";
		};
		CCB87C911D410DBC00F4DE87 /* interactors */ = {
			isa = PBXGroup;
			children = (
				CCB87C921D410DD200F4DE87 /* PercentInteractor.swift */,
			);
			name = interactors;
			sourceTree = "<group>";
		};
		CCE4CB7B1D53A6F800FCC6BF /* extensions */ = {
			isa = PBXGroup;
			children = (
				CC19D44A1D3CF3AF00BE3E2D /* OExtenstions.swift */,
			);
			name = extensions;
			sourceTree = "<group>";
		};
		CCE4CB7E1D53AB0A00FCC6BF /* liquidButton */ = {
			isa = PBXGroup;
			children = (
				CCE4CB7F1D53AB3800FCC6BF /* LiquidButton.swift */,
			);
			name = liquidButton;
			sourceTree = "<group>";
		};
		CCFCA5E31D3B4CC500050B81 /* utils */ = {
			isa = PBXGroup;
			children = (
				CCFCA5E41D3B4CD900050B81 /* OUtils.swift */,
			);
			name = utils;
			path = ..;
			sourceTree = "<group>";
		};
		CCFEEA281D425B5300C5CC4D /* structs */ = {
			isa = PBXGroup;
			children = (
				CCFEEA261D425B3300C5CC4D /* OStory.swift */,
				CC52603E1D3C5672008C4F38 /* OStoryCard.swift */,
			);
			name = structs;
			sourceTree = "<group>";
		};
		CCFEEA361D47AE8C00C5CC4D /* loader */ = {
			isa = PBXGroup;
			children = (
				CCFEEA2C1D43866600C5CC4D /* Loader.swift */,
				CCFEEA2A1D43646500C5CC4D /* OvalLayer.swift */,
			);
			name = loader;
			sourceTree = "<group>";
		};
		CCFFE9711D39CD6600515A24 = {
			isa = PBXGroup;
			children = (
				CCFFE9AB1D39CE1700515A24 /* Supporting */,
				CCFFE97C1D39CD6600515A24 /* Imagine */,
				CCFFE9911D39CD6600515A24 /* ImagineTests */,
				CCFFE99C1D39CD6600515A24 /* ImagineUITests */,
				CCFFE97B1D39CD6600515A24 /* Products */,
				9D2494E9DE6D8489E5A3AD58 /* Pods */,
				EC3FA4813B1483EC6244D970 /* Frameworks */,
			);
			sourceTree = "<group>";
		};
		CCFFE97B1D39CD6600515A24 /* Products */ = {
			isa = PBXGroup;
			children = (
				CCFFE97A1D39CD6600515A24 /* Imagine.app */,
				CCFFE98E1D39CD6600515A24 /* ImagineTests.xctest */,
				CCFFE9991D39CD6600515A24 /* ImagineUITests.xctest */,
			);
			name = Products;
			sourceTree = "<group>";
		};
		CCFFE97C1D39CD6600515A24 /* Imagine */ = {
			isa = PBXGroup;
			children = (
				CCCA14B41D5D2B6E00FE31A9 /* Assets.xcassets */,
				CCE4CB7B1D53A6F800FCC6BF /* extensions */,
				CCB87C911D410DBC00F4DE87 /* interactors */,
				CC71A0C01D3FE74B00C85D48 /* animators */,
				CC71A0BD1D3FD09B00C85D48 /* protocols */,
				CC19D44C1D3CF3E500BE3E2D /* constants */,
				CCFCA5E31D3B4CC500050B81 /* utils */,
				CC52603D1D3C565F008C4F38 /* models */,
				CCFFE9B21D39D30900515A24 /* views */,
				CCFFE9AE1D39CE6600515A24 /* controllers */,
				CCFFE9811D39CD6600515A24 /* Main.storyboard */,
			);
			path = Imagine;
			sourceTree = "<group>";
		};
		CCFFE9911D39CD6600515A24 /* ImagineTests */ = {
			isa = PBXGroup;
			children = (
				CCFFE9921D39CD6600515A24 /* ImagineTests.swift */,
				CCFFE9941D39CD6600515A24 /* Info.plist */,
			);
			path = ImagineTests;
			sourceTree = "<group>";
		};
		CCFFE99C1D39CD6600515A24 /* ImagineUITests */ = {
			isa = PBXGroup;
			children = (
				CCFFE99D1D39CD6600515A24 /* ImagineUITests.swift */,
				CCFFE99F1D39CD6600515A24 /* Info.plist */,
			);
			path = ImagineUITests;
			sourceTree = "<group>";
		};
		CCFFE9AB1D39CE1700515A24 /* Supporting */ = {
			isa = PBXGroup;
			children = (
				CC02CED21D3A412B0098B333 /* sounds */,
				CCFFE9861D39CD6600515A24 /* LaunchScreen.storyboard */,
				CCFFE97D1D39CD6600515A24 /* AppDelegate.swift */,
				CCFFE9891D39CD6600515A24 /* Info.plist */,
			);
			name = Supporting;
			sourceTree = "<group>";
		};
		CCFFE9AE1D39CE6600515A24 /* controllers */ = {
			isa = PBXGroup;
			children = (
				CCFFE9AC1D39CE4A00515A24 /* OLoginViewController.swift */,
				CCFFE97F1D39CD6600515A24 /* OStoryGridViewController.swift */,
				CCDC96E21D3E204A0078CBA2 /* OStoryPosterViewController.swift */,
				CCFEEA2E1D467A9500C5CC4D /* OStoryContainerViewController.swift */,
			);
			name = controllers;
			sourceTree = "<group>";
		};
		CCFFE9B21D39D30900515A24 /* views */ = {
			isa = PBXGroup;
			children = (
				CCAD27111D5CBF5B00A3CC19 /* core_elements */,
				CCAD27101D5CBF3E00A3CC19 /* onboard_dialog */,
				CC6AECCF1D5A5FD100C1FC53 /* strip */,
				CCE4CB7E1D53AB0A00FCC6BF /* liquidButton */,
				CCFEEA361D47AE8C00C5CC4D /* loader */,
				CCFFE9B31D39D33300515A24 /* OPaddedTextField.swift */,
			);
			name = views;
			sourceTree = "<group>";
		};
		EC3FA4813B1483EC6244D970 /* Frameworks */ = {
			isa = PBXGroup;
			children = (
				8799D06AFC85A22713155BB1 /* Pods_Imagine.framework */,
				4D457CC2279CABE992924AAE /* Pods_ImagineTests.framework */,
			);
			name = Frameworks;
			sourceTree = "<group>";
		};
/* End PBXGroup section */

/* Begin PBXNativeTarget section */
		CCFFE9791D39CD6600515A24 /* Imagine */ = {
			isa = PBXNativeTarget;
			buildConfigurationList = CCFFE9A21D39CD6600515A24 /* Build configuration list for PBXNativeTarget "Imagine" */;
			buildPhases = (
				F3644A524FC906B3D5E5FCCC /* Check Pods Manifest.lock */,
				CCFFE9761D39CD6600515A24 /* Sources */,
				CCFFE9771D39CD6600515A24 /* Frameworks */,
				CCFFE9781D39CD6600515A24 /* Resources */,
				80DD0BD7DD03ACD55E8DE8DE /* Embed Pods Frameworks */,
				11AC4F0B5501555D34C8305E /* Copy Pods Resources */,
			);
			buildRules = (
			);
			dependencies = (
			);
			name = Imagine;
			productName = Imagine;
			productReference = CCFFE97A1D39CD6600515A24 /* Imagine.app */;
			productType = "com.apple.product-type.application";
		};
		CCFFE98D1D39CD6600515A24 /* ImagineTests */ = {
			isa = PBXNativeTarget;
			buildConfigurationList = CCFFE9A51D39CD6600515A24 /* Build configuration list for PBXNativeTarget "ImagineTests" */;
			buildPhases = (
				A0D7DB6A4CE29F3BC6388806 /* Check Pods Manifest.lock */,
				CCFFE98A1D39CD6600515A24 /* Sources */,
				CCFFE98B1D39CD6600515A24 /* Frameworks */,
				CCFFE98C1D39CD6600515A24 /* Resources */,
				5E031FFE75EA512793F200A7 /* Embed Pods Frameworks */,
				91F4D690E4410AAEFA4C858C /* Copy Pods Resources */,
			);
			buildRules = (
			);
			dependencies = (
				CCFFE9901D39CD6600515A24 /* PBXTargetDependency */,
			);
			name = ImagineTests;
			productName = ImagineTests;
			productReference = CCFFE98E1D39CD6600515A24 /* ImagineTests.xctest */;
			productType = "com.apple.product-type.bundle.unit-test";
		};
		CCFFE9981D39CD6600515A24 /* ImagineUITests */ = {
			isa = PBXNativeTarget;
			buildConfigurationList = CCFFE9A81D39CD6600515A24 /* Build configuration list for PBXNativeTarget "ImagineUITests" */;
			buildPhases = (
				CCFFE9951D39CD6600515A24 /* Sources */,
				CCFFE9961D39CD6600515A24 /* Frameworks */,
				CCFFE9971D39CD6600515A24 /* Resources */,
			);
			buildRules = (
			);
			dependencies = (
				CCFFE99B1D39CD6600515A24 /* PBXTargetDependency */,
			);
			name = ImagineUITests;
			productName = ImagineUITests;
			productReference = CCFFE9991D39CD6600515A24 /* ImagineUITests.xctest */;
			productType = "com.apple.product-type.bundle.ui-testing";
		};
/* End PBXNativeTarget section */

/* Begin PBXProject section */
		CCFFE9721D39CD6600515A24 /* Project object */ = {
			isa = PBXProject;
			attributes = {
				LastSwiftUpdateCheck = 0730;
				LastUpgradeCheck = 0730;
				ORGANIZATIONNAME = Personal;
				TargetAttributes = {
					CCFFE9791D39CD6600515A24 = {
						CreatedOnToolsVersion = 7.3.1;
					};
					CCFFE98D1D39CD6600515A24 = {
						CreatedOnToolsVersion = 7.3.1;
						TestTargetID = CCFFE9791D39CD6600515A24;
					};
					CCFFE9981D39CD6600515A24 = {
						CreatedOnToolsVersion = 7.3.1;
						TestTargetID = CCFFE9791D39CD6600515A24;
					};
				};
			};
			buildConfigurationList = CCFFE9751D39CD6600515A24 /* Build configuration list for PBXProject "Imagine" */;
			compatibilityVersion = "Xcode 3.2";
			developmentRegion = English;
			hasScannedForEncodings = 0;
			knownRegions = (
				en,
				Base,
			);
			mainGroup = CCFFE9711D39CD6600515A24;
			productRefGroup = CCFFE97B1D39CD6600515A24 /* Products */;
			projectDirPath = "";
			projectRoot = "";
			targets = (
				CCFFE9791D39CD6600515A24 /* Imagine */,
				CCFFE98D1D39CD6600515A24 /* ImagineTests */,
				CCFFE9981D39CD6600515A24 /* ImagineUITests */,
			);
		};
/* End PBXProject section */

/* Begin PBXResourcesBuildPhase section */
		CCFFE9781D39CD6600515A24 /* Resources */ = {
			isa = PBXResourcesBuildPhase;
			buildActionMask = 2147483647;
			files = (
				CCFFE9881D39CD6600515A24 /* LaunchScreen.storyboard in Resources */,
				CCFFE9831D39CD6600515A24 /* Main.storyboard in Resources */,
				CCCA14B51D5D2B6E00FE31A9 /* Assets.xcassets in Resources */,
				CC02CED41D3A414E0098B333 /* rain.mp3 in Resources */,
			);
			runOnlyForDeploymentPostprocessing = 0;
		};
		CCFFE98C1D39CD6600515A24 /* Resources */ = {
			isa = PBXResourcesBuildPhase;
			buildActionMask = 2147483647;
			files = (
			);
			runOnlyForDeploymentPostprocessing = 0;
		};
		CCFFE9971D39CD6600515A24 /* Resources */ = {
			isa = PBXResourcesBuildPhase;
			buildActionMask = 2147483647;
			files = (
			);
			runOnlyForDeploymentPostprocessing = 0;
		};
/* End PBXResourcesBuildPhase section */

/* Begin PBXShellScriptBuildPhase section */
		11AC4F0B5501555D34C8305E /* Copy Pods Resources */ = {
			isa = PBXShellScriptBuildPhase;
			buildActionMask = 2147483647;
			files = (
			);
			inputPaths = (
			);
			name = "Copy Pods Resources";
			outputPaths = (
			);
			runOnlyForDeploymentPostprocessing = 0;
			shellPath = /bin/sh;
			shellScript = "\"${SRCROOT}/Pods/Target Support Files/Pods-Imagine/Pods-Imagine-resources.sh\"\n";
			showEnvVarsInLog = 0;
		};
		5E031FFE75EA512793F200A7 /* Embed Pods Frameworks */ = {
			isa = PBXShellScriptBuildPhase;
			buildActionMask = 2147483647;
			files = (
			);
			inputPaths = (
			);
			name = "Embed Pods Frameworks";
			outputPaths = (
			);
			runOnlyForDeploymentPostprocessing = 0;
			shellPath = /bin/sh;
			shellScript = "\"${SRCROOT}/Pods/Target Support Files/Pods-ImagineTests/Pods-ImagineTests-frameworks.sh\"\n";
			showEnvVarsInLog = 0;
		};
		80DD0BD7DD03ACD55E8DE8DE /* Embed Pods Frameworks */ = {
			isa = PBXShellScriptBuildPhase;
			buildActionMask = 2147483647;
			files = (
			);
			inputPaths = (
			);
			name = "Embed Pods Frameworks";
			outputPaths = (
			);
			runOnlyForDeploymentPostprocessing = 0;
			shellPath = /bin/sh;
			shellScript = "\"${SRCROOT}/Pods/Target Support Files/Pods-Imagine/Pods-Imagine-frameworks.sh\"\n";
			showEnvVarsInLog = 0;
		};
		91F4D690E4410AAEFA4C858C /* Copy Pods Resources */ = {
			isa = PBXShellScriptBuildPhase;
			buildActionMask = 2147483647;
			files = (
			);
			inputPaths = (
			);
			name = "Copy Pods Resources";
			outputPaths = (
			);
			runOnlyForDeploymentPostprocessing = 0;
			shellPath = /bin/sh;
			shellScript = "\"${SRCROOT}/Pods/Target Support Files/Pods-ImagineTests/Pods-ImagineTests-resources.sh\"\n";
			showEnvVarsInLog = 0;
		};
		A0D7DB6A4CE29F3BC6388806 /* Check Pods Manifest.lock */ = {
			isa = PBXShellScriptBuildPhase;
			buildActionMask = 2147483647;
			files = (
			);
			inputPaths = (
			);
			name = "Check Pods Manifest.lock";
			outputPaths = (
			);
			runOnlyForDeploymentPostprocessing = 0;
			shellPath = /bin/sh;
			shellScript = "diff \"${PODS_ROOT}/../Podfile.lock\" \"${PODS_ROOT}/Manifest.lock\" > /dev/null\nif [[ $? != 0 ]] ; then\n    cat << EOM\nerror: The sandbox is not in sync with the Podfile.lock. Run 'pod install' or update your CocoaPods installation.\nEOM\n    exit 1\nfi\n";
			showEnvVarsInLog = 0;
		};
		F3644A524FC906B3D5E5FCCC /* Check Pods Manifest.lock */ = {
			isa = PBXShellScriptBuildPhase;
			buildActionMask = 2147483647;
			files = (
			);
			inputPaths = (
			);
			name = "Check Pods Manifest.lock";
			outputPaths = (
			);
			runOnlyForDeploymentPostprocessing = 0;
			shellPath = /bin/sh;
			shellScript = "diff \"${PODS_ROOT}/../Podfile.lock\" \"${PODS_ROOT}/Manifest.lock\" > /dev/null\nif [[ $? != 0 ]] ; then\n    cat << EOM\nerror: The sandbox is not in sync with the Podfile.lock. Run 'pod install' or update your CocoaPods installation.\nEOM\n    exit 1\nfi\n";
			showEnvVarsInLog = 0;
		};
/* End PBXShellScriptBuildPhase section */

/* Begin PBXSourcesBuildPhase section */
		CCFFE9761D39CD6600515A24 /* Sources */ = {
			isa = PBXSourcesBuildPhase;
			buildActionMask = 2147483647;
			files = (
				CCFCA5E51D3B4CD900050B81 /* OUtils.swift in Sources */,
				CC52603F1D3C5672008C4F38 /* OStoryCard.swift in Sources */,
				CC6AECD51D5A67E800C1FC53 /* RectangleLayer.swift in Sources */,
				CCCA14B31D5D1BBD00FE31A9 /* HighlightView.swift in Sources */,
				CCAD27141D5CBFAA00A3CC19 /* OnboardDialog.swift in Sources */,
				CCFEEA271D425B3300C5CC4D /* OStory.swift in Sources */,
				CCE4CB801D53AB3800FCC6BF /* LiquidButton.swift in Sources */,
				CC5260461D3CA7A3008C4F38 /* OConstants.swift in Sources */,
				CCFFE9B41D39D33300515A24 /* OPaddedTextField.swift in Sources */,
				CCFEEA2B1D43646500C5CC4D /* OvalLayer.swift in Sources */,
				CC5260421D3C56F6008C4F38 /* OStoryCardFactory.swift in Sources */,
				CC71A0BF1D3FD0D000C85D48 /* OStoryPosterPresentationProtocol.swift in Sources */,
				CCFEEA2F1D467A9500C5CC4D /* OStoryContainerViewController.swift in Sources */,
				CC19D44B1D3CF3AF00BE3E2D /* OExtenstions.swift in Sources */,
				CC5260481D3CDC21008C4F38 /* OStoryGrid.swift in Sources */,
				CCFEEA331D4684A400C5CC4D /* PullUpAnimator.swift in Sources */,
				CC71A0C21D3FE7A200C85D48 /* CardExpandAnimator.swift in Sources */,
				CCFFE9AD1D39CE4A00515A24 /* OLoginViewController.swift in Sources */,
				CCB87C901D40EC7000F4DE87 /* CardShrinkAnimator.swift in Sources */,
				CCCF76201D597902009F4DBA /* OStoryContentCellFactory.swift in Sources */,
				CC71A0BC1D3FAD4E00C85D48 /* OStoryGridTableViewCell.swift in Sources */,
				CC19D4491D3CE03300BE3E2D /* OUser.swift in Sources */,
				CC6AECD31D5A62F400C1FC53 /* Strip.swift in Sources */,
				CCFFE9801D39CD6600515A24 /* OStoryGridViewController.swift in Sources */,
				CCFEEA2D1D43866600C5CC4D /* Loader.swift in Sources */,
				CC71A0BA1D3FABBA00C85D48 /* OWindow.swift in Sources */,
				CCCF761E1D594671009F4DBA /* OStoryContentTableViewCell.swift in Sources */,
				CCFFE97E1D39CD6600515A24 /* AppDelegate.swift in Sources */,
				CC6AECD11D5A5FEF00C1FC53 /* CircleLayer.swift in Sources */,
				CCDC96E31D3E204A0078CBA2 /* OStoryPosterViewController.swift in Sources */,
				CC0428301D4ED15F005457A8 /* OStoryFactory.swift in Sources */,
				CCFEEA351D46874E00C5CC4D /* PullDownAnimator.swift in Sources */,
				CCB87C931D410DD200F4DE87 /* PercentInteractor.swift in Sources */,
			);
			runOnlyForDeploymentPostprocessing = 0;
		};
		CCFFE98A1D39CD6600515A24 /* Sources */ = {
			isa = PBXSourcesBuildPhase;
			buildActionMask = 2147483647;
			files = (
				CCFFE9931D39CD6600515A24 /* ImagineTests.swift in Sources */,
			);
			runOnlyForDeploymentPostprocessing = 0;
		};
		CCFFE9951D39CD6600515A24 /* Sources */ = {
			isa = PBXSourcesBuildPhase;
			buildActionMask = 2147483647;
			files = (
				CCFFE99E1D39CD6600515A24 /* ImagineUITests.swift in Sources */,
			);
			runOnlyForDeploymentPostprocessing = 0;
		};
/* End PBXSourcesBuildPhase section */

/* Begin PBXTargetDependency section */
		CCFFE9901D39CD6600515A24 /* PBXTargetDependency */ = {
			isa = PBXTargetDependency;
			target = CCFFE9791D39CD6600515A24 /* Imagine */;
			targetProxy = CCFFE98F1D39CD6600515A24 /* PBXContainerItemProxy */;
		};
		CCFFE99B1D39CD6600515A24 /* PBXTargetDependency */ = {
			isa = PBXTargetDependency;
			target = CCFFE9791D39CD6600515A24 /* Imagine */;
			targetProxy = CCFFE99A1D39CD6600515A24 /* PBXContainerItemProxy */;
		};
/* End PBXTargetDependency section */

/* Begin PBXVariantGroup section */
		CCFFE9811D39CD6600515A24 /* Main.storyboard */ = {
			isa = PBXVariantGroup;
			children = (
				CCFFE9821D39CD6600515A24 /* Base */,
			);
			name = Main.storyboard;
			sourceTree = "<group>";
		};
		CCFFE9861D39CD6600515A24 /* LaunchScreen.storyboard */ = {
			isa = PBXVariantGroup;
			children = (
				CCFFE9871D39CD6600515A24 /* Base */,
			);
			name = LaunchScreen.storyboard;
			path = Imagine;
			sourceTree = "<group>";
		};
/* End PBXVariantGroup section */

/* Begin XCBuildConfiguration section */
		CCFFE9A01D39CD6600515A24 /* Debug */ = {
			isa = XCBuildConfiguration;
			buildSettings = {
				ALWAYS_SEARCH_USER_PATHS = NO;
				CLANG_ANALYZER_NONNULL = YES;
				CLANG_CXX_LANGUAGE_STANDARD = "gnu++0x";
				CLANG_CXX_LIBRARY = "libc++";
				CLANG_ENABLE_MODULES = YES;
				CLANG_ENABLE_OBJC_ARC = YES;
				CLANG_WARN_BOOL_CONVERSION = YES;
				CLANG_WARN_CONSTANT_CONVERSION = YES;
				CLANG_WARN_DIRECT_OBJC_ISA_USAGE = YES_ERROR;
				CLANG_WARN_EMPTY_BODY = YES;
				CLANG_WARN_ENUM_CONVERSION = YES;
				CLANG_WARN_INT_CONVERSION = YES;
				CLANG_WARN_OBJC_ROOT_CLASS = YES_ERROR;
				CLANG_WARN_UNREACHABLE_CODE = YES;
				CLANG_WARN__DUPLICATE_METHOD_MATCH = YES;
				"CODE_SIGN_IDENTITY[sdk=iphoneos*]" = "iPhone Developer";
				COPY_PHASE_STRIP = NO;
				DEBUG_INFORMATION_FORMAT = dwarf;
				ENABLE_STRICT_OBJC_MSGSEND = YES;
				ENABLE_TESTABILITY = YES;
				GCC_C_LANGUAGE_STANDARD = gnu99;
				GCC_DYNAMIC_NO_PIC = NO;
				GCC_NO_COMMON_BLOCKS = YES;
				GCC_OPTIMIZATION_LEVEL = 0;
				GCC_PREPROCESSOR_DEFINITIONS = (
					"DEBUG=1",
					"$(inherited)",
				);
				GCC_WARN_64_TO_32_BIT_CONVERSION = YES;
				GCC_WARN_ABOUT_RETURN_TYPE = YES_ERROR;
				GCC_WARN_UNDECLARED_SELECTOR = YES;
				GCC_WARN_UNINITIALIZED_AUTOS = YES_AGGRESSIVE;
				GCC_WARN_UNUSED_FUNCTION = YES;
				GCC_WARN_UNUSED_VARIABLE = YES;
				IPHONEOS_DEPLOYMENT_TARGET = 9.3;
				MTL_ENABLE_DEBUG_INFO = YES;
				ONLY_ACTIVE_ARCH = YES;
				SDKROOT = iphoneos;
				SWIFT_OPTIMIZATION_LEVEL = "-Onone";
				TARGETED_DEVICE_FAMILY = "1,2";
			};
			name = Debug;
		};
		CCFFE9A11D39CD6600515A24 /* Release */ = {
			isa = XCBuildConfiguration;
			buildSettings = {
				ALWAYS_SEARCH_USER_PATHS = NO;
				CLANG_ANALYZER_NONNULL = YES;
				CLANG_CXX_LANGUAGE_STANDARD = "gnu++0x";
				CLANG_CXX_LIBRARY = "libc++";
				CLANG_ENABLE_MODULES = YES;
				CLANG_ENABLE_OBJC_ARC = YES;
				CLANG_WARN_BOOL_CONVERSION = YES;
				CLANG_WARN_CONSTANT_CONVERSION = YES;
				CLANG_WARN_DIRECT_OBJC_ISA_USAGE = YES_ERROR;
				CLANG_WARN_EMPTY_BODY = YES;
				CLANG_WARN_ENUM_CONVERSION = YES;
				CLANG_WARN_INT_CONVERSION = YES;
				CLANG_WARN_OBJC_ROOT_CLASS = YES_ERROR;
				CLANG_WARN_UNREACHABLE_CODE = YES;
				CLANG_WARN__DUPLICATE_METHOD_MATCH = YES;
				"CODE_SIGN_IDENTITY[sdk=iphoneos*]" = "iPhone Developer";
				COPY_PHASE_STRIP = NO;
				DEBUG_INFORMATION_FORMAT = "dwarf-with-dsym";
				ENABLE_NS_ASSERTIONS = NO;
				ENABLE_STRICT_OBJC_MSGSEND = YES;
				GCC_C_LANGUAGE_STANDARD = gnu99;
				GCC_NO_COMMON_BLOCKS = YES;
				GCC_WARN_64_TO_32_BIT_CONVERSION = YES;
				GCC_WARN_ABOUT_RETURN_TYPE = YES_ERROR;
				GCC_WARN_UNDECLARED_SELECTOR = YES;
				GCC_WARN_UNINITIALIZED_AUTOS = YES_AGGRESSIVE;
				GCC_WARN_UNUSED_FUNCTION = YES;
				GCC_WARN_UNUSED_VARIABLE = YES;
				IPHONEOS_DEPLOYMENT_TARGET = 9.3;
				MTL_ENABLE_DEBUG_INFO = NO;
				SDKROOT = iphoneos;
				TARGETED_DEVICE_FAMILY = "1,2";
				VALIDATE_PRODUCT = YES;
			};
			name = Release;
		};
		CCFFE9A31D39CD6600515A24 /* Debug */ = {
			isa = XCBuildConfiguration;
			baseConfigurationReference = 1F1CACDDC642B424FCE8651D /* Pods-Imagine.debug.xcconfig */;
			buildSettings = {
				ASSETCATALOG_COMPILER_APPICON_NAME = AppIcon;
				INFOPLIST_FILE = Imagine/Info.plist;
				LD_RUNPATH_SEARCH_PATHS = "$(inherited) @executable_path/Frameworks";
				PRODUCT_BUNDLE_IDENTIFIER = com.56ideas.Imagine;
				PRODUCT_NAME = "$(TARGET_NAME)";
			};
			name = Debug;
		};
		CCFFE9A41D39CD6600515A24 /* Release */ = {
			isa = XCBuildConfiguration;
			baseConfigurationReference = A9996899B31AF726BA925AD6 /* Pods-Imagine.release.xcconfig */;
			buildSettings = {
				ASSETCATALOG_COMPILER_APPICON_NAME = AppIcon;
				INFOPLIST_FILE = Imagine/Info.plist;
				LD_RUNPATH_SEARCH_PATHS = "$(inherited) @executable_path/Frameworks";
				PRODUCT_BUNDLE_IDENTIFIER = com.56ideas.Imagine;
				PRODUCT_NAME = "$(TARGET_NAME)";
			};
			name = Release;
		};
		CCFFE9A61D39CD6600515A24 /* Debug */ = {
			isa = XCBuildConfiguration;
			baseConfigurationReference = A4C60AC0780ACAD7CE3A030B /* Pods-ImagineTests.debug.xcconfig */;
			buildSettings = {
				BUNDLE_LOADER = "$(TEST_HOST)";
				INFOPLIST_FILE = ImagineTests/Info.plist;
				LD_RUNPATH_SEARCH_PATHS = "$(inherited) @executable_path/Frameworks @loader_path/Frameworks";
				PRODUCT_BUNDLE_IDENTIFIER = com.56ideas.ImagineTests;
				PRODUCT_NAME = "$(TARGET_NAME)";
				TEST_HOST = "$(BUILT_PRODUCTS_DIR)/Imagine.app/Imagine";
			};
			name = Debug;
		};
		CCFFE9A71D39CD6600515A24 /* Release */ = {
			isa = XCBuildConfiguration;
			baseConfigurationReference = AD06A65E25A774EEC563B8B6 /* Pods-ImagineTests.release.xcconfig */;
			buildSettings = {
				BUNDLE_LOADER = "$(TEST_HOST)";
				INFOPLIST_FILE = ImagineTests/Info.plist;
				LD_RUNPATH_SEARCH_PATHS = "$(inherited) @executable_path/Frameworks @loader_path/Frameworks";
				PRODUCT_BUNDLE_IDENTIFIER = com.56ideas.ImagineTests;
				PRODUCT_NAME = "$(TARGET_NAME)";
				TEST_HOST = "$(BUILT_PRODUCTS_DIR)/Imagine.app/Imagine";
			};
			name = Release;
		};
		CCFFE9A91D39CD6600515A24 /* Debug */ = {
			isa = XCBuildConfiguration;
			buildSettings = {
				INFOPLIST_FILE = ImagineUITests/Info.plist;
				LD_RUNPATH_SEARCH_PATHS = "$(inherited) @executable_path/Frameworks @loader_path/Frameworks";
				PRODUCT_BUNDLE_IDENTIFIER = com.56ideas.ImagineUITests;
				PRODUCT_NAME = "$(TARGET_NAME)";
				TEST_TARGET_NAME = Imagine;
			};
			name = Debug;
		};
		CCFFE9AA1D39CD6600515A24 /* Release */ = {
			isa = XCBuildConfiguration;
			buildSettings = {
				INFOPLIST_FILE = ImagineUITests/Info.plist;
				LD_RUNPATH_SEARCH_PATHS = "$(inherited) @executable_path/Frameworks @loader_path/Frameworks";
				PRODUCT_BUNDLE_IDENTIFIER = com.56ideas.ImagineUITests;
				PRODUCT_NAME = "$(TARGET_NAME)";
				TEST_TARGET_NAME = Imagine;
			};
			name = Release;
		};
/* End XCBuildConfiguration section */

/* Begin XCConfigurationList section */
		CCFFE9751D39CD6600515A24 /* Build configuration list for PBXProject "Imagine" */ = {
			isa = XCConfigurationList;
			buildConfigurations = (
				CCFFE9A01D39CD6600515A24 /* Debug */,
				CCFFE9A11D39CD6600515A24 /* Release */,
			);
			defaultConfigurationIsVisible = 0;
			defaultConfigurationName = Release;
		};
		CCFFE9A21D39CD6600515A24 /* Build configuration list for PBXNativeTarget "Imagine" */ = {
			isa = XCConfigurationList;
			buildConfigurations = (
				CCFFE9A31D39CD6600515A24 /* Debug */,
				CCFFE9A41D39CD6600515A24 /* Release */,
			);
			defaultConfigurationIsVisible = 0;
			defaultConfigurationName = Release;
		};
		CCFFE9A51D39CD6600515A24 /* Build configuration list for PBXNativeTarget "ImagineTests" */ = {
			isa = XCConfigurationList;
			buildConfigurations = (
				CCFFE9A61D39CD6600515A24 /* Debug */,
				CCFFE9A71D39CD6600515A24 /* Release */,
			);
			defaultConfigurationIsVisible = 0;
			defaultConfigurationName = Release;
		};
		CCFFE9A81D39CD6600515A24 /* Build configuration list for PBXNativeTarget "ImagineUITests" */ = {
			isa = XCConfigurationList;
			buildConfigurations = (
				CCFFE9A91D39CD6600515A24 /* Debug */,
				CCFFE9AA1D39CD6600515A24 /* Release */,
			);
			defaultConfigurationIsVisible = 0;
			defaultConfigurationName = Release;
		};
/* End XCConfigurationList section */
	};
	rootObject = CCFFE9721D39CD6600515A24 /* Project object */;
}
